
Microsoft Visual Studio Solution File, Format Version 12.00
# Visual Studio Version 17
VisualStudioVersion = 17.7.34202.233
MinimumVisualStudioVersion = 10.0.40219.1
Project("{9A19103F-16F7-4668-BE54-9A1E7A4F7556}") = "Odyssey.App", "Odyssey\Odyssey.App.csproj", "{E9DEDE61-A872-45E6-B6D7-AE3F4DC50F4F}"
EndProject
Project("{9A19103F-16F7-4668-BE54-9A1E7A4F7556}") = "Odyssey.QuickActions", "Odyssey.QuickActions\Odyssey.QuickActions.csproj", "{5883CD0B-F29B-45F4-8733-4ACD7B995873}"
EndProject
Project("{9A19103F-16F7-4668-BE54-9A1E7A4F7556}") = "Odyssey.Data", "Odyssey.Data\Odyssey.Data.csproj", "{647CD931-A684-4833-84FA-1415FEB0D252}"
EndProject
Project("{9A19103F-16F7-4668-BE54-9A1E7A4F7556}") = "Odyssey.Shared", "Odyssey.Shared\Odyssey.Shared.csproj", "{CADFD930-19DF-4B64-9D0B-2E572A3DD399}"
EndProject
Project("{9A19103F-16F7-4668-BE54-9A1E7A4F7556}") = "Odyssey.WebSearch", "Odyssey.WebSearch\Odyssey.WebSearch.csproj", "{43317869-153A-475D-85A1-EACF00B63135}"
EndProject
Project("{9A19103F-16F7-4668-BE54-9A1E7A4F7556}") = "Odyssey.FWebView", "Odyssey.FWebView\Odyssey.FWebView.csproj", "{154BF7AB-8B8A-41C1-9B6B-28BC8377EBB4}"
EndProject
Project("{9A19103F-16F7-4668-BE54-9A1E7A4F7556}") = "Odyssey.Aria2", "Odyssey.Aria2\Odyssey.Aria2.csproj", "{5C27F468-3769-473B-B4EC-D48F44384DAC}"
EndProject
Project("{FAE04EC0-301F-11D3-BF4B-00C04F79EFBC}") = "Odyssey.AdBlocker", "Odyssey.AdBlocker\Odyssey.AdBlocker.csproj", "{A31FABD3-0578-4C35-990A-6BD3FCA718EF}"
EndProject
Global
	GlobalSection(SolutionConfigurationPlatforms) = preSolution
		Debug|Any CPU = Debug|Any CPU
		Debug|ARM64 = Debug|ARM64
		Debug|x64 = Debug|x64
		Debug|x86 = Debug|x86
		Release|Any CPU = Release|Any CPU
		Release|ARM64 = Release|ARM64
		Release|x64 = Release|x64
		Release|x86 = Release|x86
	EndGlobalSection
	GlobalSection(ProjectConfigurationPlatforms) = postSolution
		{E9DEDE61-A872-45E6-B6D7-AE3F4DC50F4F}.Debug|Any CPU.ActiveCfg = Debug|x64
		{E9DEDE61-A872-45E6-B6D7-AE3F4DC50F4F}.Debug|Any CPU.Build.0 = Debug|x64
		{E9DEDE61-A872-45E6-B6D7-AE3F4DC50F4F}.Debug|Any CPU.Deploy.0 = Debug|x64
		{E9DEDE61-A872-45E6-B6D7-AE3F4DC50F4F}.Debug|ARM64.ActiveCfg = Debug|ARM64
		{E9DEDE61-A872-45E6-B6D7-AE3F4DC50F4F}.Debug|ARM64.Build.0 = Debug|ARM64
		{E9DEDE61-A872-45E6-B6D7-AE3F4DC50F4F}.Debug|ARM64.Deploy.0 = Debug|ARM64
		{E9DEDE61-A872-45E6-B6D7-AE3F4DC50F4F}.Debug|x64.ActiveCfg = Debug|x64
		{E9DEDE61-A872-45E6-B6D7-AE3F4DC50F4F}.Debug|x64.Build.0 = Debug|x64
		{E9DEDE61-A872-45E6-B6D7-AE3F4DC50F4F}.Debug|x64.Deploy.0 = Debug|x64
		{E9DEDE61-A872-45E6-B6D7-AE3F4DC50F4F}.Debug|x86.ActiveCfg = Debug|x86
		{E9DEDE61-A872-45E6-B6D7-AE3F4DC50F4F}.Debug|x86.Build.0 = Debug|x86
		{E9DEDE61-A872-45E6-B6D7-AE3F4DC50F4F}.Debug|x86.Deploy.0 = Debug|x86
		{E9DEDE61-A872-45E6-B6D7-AE3F4DC50F4F}.Release|Any CPU.ActiveCfg = Release|x64
		{E9DEDE61-A872-45E6-B6D7-AE3F4DC50F4F}.Release|Any CPU.Build.0 = Release|x64
		{E9DEDE61-A872-45E6-B6D7-AE3F4DC50F4F}.Release|Any CPU.Deploy.0 = Release|x64
		{E9DEDE61-A872-45E6-B6D7-AE3F4DC50F4F}.Release|ARM64.ActiveCfg = Release|ARM64
		{E9DEDE61-A872-45E6-B6D7-AE3F4DC50F4F}.Release|ARM64.Build.0 = Release|ARM64
		{E9DEDE61-A872-45E6-B6D7-AE3F4DC50F4F}.Release|ARM64.Deploy.0 = Release|ARM64
		{E9DEDE61-A872-45E6-B6D7-AE3F4DC50F4F}.Release|x64.ActiveCfg = Release|x64
		{E9DEDE61-A872-45E6-B6D7-AE3F4DC50F4F}.Release|x64.Build.0 = Release|x64
		{E9DEDE61-A872-45E6-B6D7-AE3F4DC50F4F}.Release|x64.Deploy.0 = Release|x64
		{E9DEDE61-A872-45E6-B6D7-AE3F4DC50F4F}.Release|x86.ActiveCfg = Release|x86
		{E9DEDE61-A872-45E6-B6D7-AE3F4DC50F4F}.Release|x86.Build.0 = Release|x86
		{E9DEDE61-A872-45E6-B6D7-AE3F4DC50F4F}.Release|x86.Deploy.0 = Release|x86
		{5883CD0B-F29B-45F4-8733-4ACD7B995873}.Debug|Any CPU.ActiveCfg = Debug|Any CPU
		{5883CD0B-F29B-45F4-8733-4ACD7B995873}.Debug|Any CPU.Build.0 = Debug|Any CPU
		{5883CD0B-F29B-45F4-8733-4ACD7B995873}.Debug|ARM64.ActiveCfg = Debug|Any CPU
		{5883CD0B-F29B-45F4-8733-4ACD7B995873}.Debug|ARM64.Build.0 = Debug|Any CPU
		{5883CD0B-F29B-45F4-8733-4ACD7B995873}.Debug|x64.ActiveCfg = Debug|Any CPU
		{5883CD0B-F29B-45F4-8733-4ACD7B995873}.Debug|x64.Build.0 = Debug|Any CPU
		{5883CD0B-F29B-45F4-8733-4ACD7B995873}.Debug|x86.ActiveCfg = Debug|Any CPU
		{5883CD0B-F29B-45F4-8733-4ACD7B995873}.Debug|x86.Build.0 = Debug|Any CPU
		{5883CD0B-F29B-45F4-8733-4ACD7B995873}.Release|Any CPU.ActiveCfg = Release|Any CPU
		{5883CD0B-F29B-45F4-8733-4ACD7B995873}.Release|Any CPU.Build.0 = Release|Any CPU
		{5883CD0B-F29B-45F4-8733-4ACD7B995873}.Release|ARM64.ActiveCfg = Release|Any CPU
		{5883CD0B-F29B-45F4-8733-4ACD7B995873}.Release|ARM64.Build.0 = Release|Any CPU
		{5883CD0B-F29B-45F4-8733-4ACD7B995873}.Release|x64.ActiveCfg = Release|Any CPU
		{5883CD0B-F29B-45F4-8733-4ACD7B995873}.Release|x64.Build.0 = Release|Any CPU
		{5883CD0B-F29B-45F4-8733-4ACD7B995873}.Release|x86.ActiveCfg = Release|Any CPU
		{5883CD0B-F29B-45F4-8733-4ACD7B995873}.Release|x86.Build.0 = Release|Any CPU
		{647CD931-A684-4833-84FA-1415FEB0D252}.Debug|Any CPU.ActiveCfg = Debug|Any CPU
		{647CD931-A684-4833-84FA-1415FEB0D252}.Debug|Any CPU.Build.0 = Debug|Any CPU
		{647CD931-A684-4833-84FA-1415FEB0D252}.Debug|ARM64.ActiveCfg = Debug|Any CPU
		{647CD931-A684-4833-84FA-1415FEB0D252}.Debug|ARM64.Build.0 = Debug|Any CPU
		{647CD931-A684-4833-84FA-1415FEB0D252}.Debug|x64.ActiveCfg = Debug|Any CPU
		{647CD931-A684-4833-84FA-1415FEB0D252}.Debug|x64.Build.0 = Debug|Any CPU
		{647CD931-A684-4833-84FA-1415FEB0D252}.Debug|x86.ActiveCfg = Debug|Any CPU
		{647CD931-A684-4833-84FA-1415FEB0D252}.Debug|x86.Build.0 = Debug|Any CPU
		{647CD931-A684-4833-84FA-1415FEB0D252}.Release|Any CPU.ActiveCfg = Release|Any CPU
		{647CD931-A684-4833-84FA-1415FEB0D252}.Release|Any CPU.Build.0 = Release|Any CPU
		{647CD931-A684-4833-84FA-1415FEB0D252}.Release|ARM64.ActiveCfg = Release|Any CPU
		{647CD931-A684-4833-84FA-1415FEB0D252}.Release|ARM64.Build.0 = Release|Any CPU
		{647CD931-A684-4833-84FA-1415FEB0D252}.Release|x64.ActiveCfg = Release|Any CPU
		{647CD931-A684-4833-84FA-1415FEB0D252}.Release|x64.Build.0 = Release|Any CPU
		{647CD931-A684-4833-84FA-1415FEB0D252}.Release|x86.ActiveCfg = Release|Any CPU
		{647CD931-A684-4833-84FA-1415FEB0D252}.Release|x86.Build.0 = Release|Any CPU
		{CADFD930-19DF-4B64-9D0B-2E572A3DD399}.Debug|Any CPU.ActiveCfg = Debug|Any CPU
		{CADFD930-19DF-4B64-9D0B-2E572A3DD399}.Debug|Any CPU.Build.0 = Debug|Any CPU
		{CADFD930-19DF-4B64-9D0B-2E572A3DD399}.Debug|ARM64.ActiveCfg = Debug|Any CPU
		{CADFD930-19DF-4B64-9D0B-2E572A3DD399}.Debug|ARM64.Build.0 = Debug|Any CPU
		{CADFD930-19DF-4B64-9D0B-2E572A3DD399}.Debug|x64.ActiveCfg = Debug|Any CPU
		{CADFD930-19DF-4B64-9D0B-2E572A3DD399}.Debug|x64.Build.0 = Debug|Any CPU
		{CADFD930-19DF-4B64-9D0B-2E572A3DD399}.Debug|x86.ActiveCfg = Debug|Any CPU
		{CADFD930-19DF-4B64-9D0B-2E572A3DD399}.Debug|x86.Build.0 = Debug|Any CPU
		{CADFD930-19DF-4B64-9D0B-2E572A3DD399}.Release|Any CPU.ActiveCfg = Release|Any CPU
		{CADFD930-19DF-4B64-9D0B-2E572A3DD399}.Release|Any CPU.Build.0 = Release|Any CPU
		{CADFD930-19DF-4B64-9D0B-2E572A3DD399}.Release|ARM64.ActiveCfg = Release|Any CPU
		{CADFD930-19DF-4B64-9D0B-2E572A3DD399}.Release|ARM64.Build.0 = Release|Any CPU
		{CADFD930-19DF-4B64-9D0B-2E572A3DD399}.Release|x64.ActiveCfg = Release|Any CPU
		{CADFD930-19DF-4B64-9D0B-2E572A3DD399}.Release|x64.Build.0 = Release|Any CPU
		{CADFD930-19DF-4B64-9D0B-2E572A3DD399}.Release|x86.ActiveCfg = Release|Any CPU
		{CADFD930-19DF-4B64-9D0B-2E572A3DD399}.Release|x86.Build.0 = Release|Any CPU
		{43317869-153A-475D-85A1-EACF00B63135}.Debug|Any CPU.ActiveCfg = Debug|Any CPU
		{43317869-153A-475D-85A1-EACF00B63135}.Debug|Any CPU.Build.0 = Debug|Any CPU
		{43317869-153A-475D-85A1-EACF00B63135}.Debug|ARM64.ActiveCfg = Debug|Any CPU
		{43317869-153A-475D-85A1-EACF00B63135}.Debug|ARM64.Build.0 = Debug|Any CPU
		{43317869-153A-475D-85A1-EACF00B63135}.Debug|x64.ActiveCfg = Debug|Any CPU
		{43317869-153A-475D-85A1-EACF00B63135}.Debug|x64.Build.0 = Debug|Any CPU
		{43317869-153A-475D-85A1-EACF00B63135}.Debug|x86.ActiveCfg = Debug|Any CPU
		{43317869-153A-475D-85A1-EACF00B63135}.Debug|x86.Build.0 = Debug|Any CPU
		{43317869-153A-475D-85A1-EACF00B63135}.Release|Any CPU.ActiveCfg = Release|Any CPU
		{43317869-153A-475D-85A1-EACF00B63135}.Release|Any CPU.Build.0 = Release|Any CPU
		{43317869-153A-475D-85A1-EACF00B63135}.Release|ARM64.ActiveCfg = Release|Any CPU
		{43317869-153A-475D-85A1-EACF00B63135}.Release|ARM64.Build.0 = Release|Any CPU
		{43317869-153A-475D-85A1-EACF00B63135}.Release|x64.ActiveCfg = Release|Any CPU
		{43317869-153A-475D-85A1-EACF00B63135}.Release|x64.Build.0 = Release|Any CPU
		{43317869-153A-475D-85A1-EACF00B63135}.Release|x86.ActiveCfg = Release|Any CPU
		{43317869-153A-475D-85A1-EACF00B63135}.Release|x86.Build.0 = Release|Any CPU
		{154BF7AB-8B8A-41C1-9B6B-28BC8377EBB4}.Debug|Any CPU.ActiveCfg = Debug|Any CPU
		{154BF7AB-8B8A-41C1-9B6B-28BC8377EBB4}.Debug|Any CPU.Build.0 = Debug|Any CPU
		{154BF7AB-8B8A-41C1-9B6B-28BC8377EBB4}.Debug|ARM64.ActiveCfg = Debug|Any CPU
		{154BF7AB-8B8A-41C1-9B6B-28BC8377EBB4}.Debug|ARM64.Build.0 = Debug|Any CPU
		{154BF7AB-8B8A-41C1-9B6B-28BC8377EBB4}.Debug|x64.ActiveCfg = Debug|Any CPU
		{154BF7AB-8B8A-41C1-9B6B-28BC8377EBB4}.Debug|x64.Build.0 = Debug|Any CPU
		{154BF7AB-8B8A-41C1-9B6B-28BC8377EBB4}.Debug|x86.ActiveCfg = Debug|Any CPU
		{154BF7AB-8B8A-41C1-9B6B-28BC8377EBB4}.Debug|x86.Build.0 = Debug|Any CPU
		{154BF7AB-8B8A-41C1-9B6B-28BC8377EBB4}.Release|Any CPU.ActiveCfg = Release|Any CPU
		{154BF7AB-8B8A-41C1-9B6B-28BC8377EBB4}.Release|Any CPU.Build.0 = Release|Any CPU
		{154BF7AB-8B8A-41C1-9B6B-28BC8377EBB4}.Release|ARM64.ActiveCfg = Release|Any CPU
		{154BF7AB-8B8A-41C1-9B6B-28BC8377EBB4}.Release|ARM64.Build.0 = Release|Any CPU
		{154BF7AB-8B8A-41C1-9B6B-28BC8377EBB4}.Release|x64.ActiveCfg = Release|Any CPU
		{154BF7AB-8B8A-41C1-9B6B-28BC8377EBB4}.Release|x64.Build.0 = Release|Any CPU
		{154BF7AB-8B8A-41C1-9B6B-28BC8377EBB4}.Release|x86.ActiveCfg = Release|Any CPU
		{154BF7AB-8B8A-41C1-9B6B-28BC8377EBB4}.Release|x86.Build.0 = Release|Any CPU
		{5C27F468-3769-473B-B4EC-D48F44384DAC}.Debug|Any CPU.ActiveCfg = Debug|Any CPU
		{5C27F468-3769-473B-B4EC-D48F44384DAC}.Debug|Any CPU.Build.0 = Debug|Any CPU
		{5C27F468-3769-473B-B4EC-D48F44384DAC}.Debug|ARM64.ActiveCfg = Debug|Any CPU
		{5C27F468-3769-473B-B4EC-D48F44384DAC}.Debug|ARM64.Build.0 = Debug|Any CPU
		{5C27F468-3769-473B-B4EC-D48F44384DAC}.Debug|x64.ActiveCfg = Debug|Any CPU
		{5C27F468-3769-473B-B4EC-D48F44384DAC}.Debug|x64.Build.0 = Debug|Any CPU
		{5C27F468-3769-473B-B4EC-D48F44384DAC}.Debug|x86.ActiveCfg = Debug|Any CPU
		{5C27F468-3769-473B-B4EC-D48F44384DAC}.Debug|x86.Build.0 = Debug|Any CPU
		{5C27F468-3769-473B-B4EC-D48F44384DAC}.Release|Any CPU.ActiveCfg = Release|Any CPU
		{5C27F468-3769-473B-B4EC-D48F44384DAC}.Release|Any CPU.Build.0 = Release|Any CPU
		{5C27F468-3769-473B-B4EC-D48F44384DAC}.Release|ARM64.ActiveCfg = Release|Any CPU
		{5C27F468-3769-473B-B4EC-D48F44384DAC}.Release|ARM64.Build.0 = Release|Any CPU
		{5C27F468-3769-473B-B4EC-D48F44384DAC}.Release|x64.ActiveCfg = Release|Any CPU
		{5C27F468-3769-473B-B4EC-D48F44384DAC}.Release|x64.Build.0 = Release|Any CPU
		{5C27F468-3769-473B-B4EC-D48F44384DAC}.Release|x86.ActiveCfg = Release|Any CPU
		{5C27F468-3769-473B-B4EC-D48F44384DAC}.Release|x86.Build.0 = Release|Any CPU
		{A31FABD3-0578-4C35-990A-6BD3FCA718EF}.Debug|Any CPU.ActiveCfg = Debug|Any CPU
		{A31FABD3-0578-4C35-990A-6BD3FCA718EF}.Debug|Any CPU.Build.0 = Debug|Any CPU
		{A31FABD3-0578-4C35-990A-6BD3FCA718EF}.Debug|ARM64.ActiveCfg = Debug|Any CPU
		{A31FABD3-0578-4C35-990A-6BD3FCA718EF}.Debug|ARM64.Build.0 = Debug|Any CPU
		{A31FABD3-0578-4C35-990A-6BD3FCA718EF}.Debug|x64.ActiveCfg = Debug|Any CPU
		{A31FABD3-0578-4C35-990A-6BD3FCA718EF}.Debug|x64.Build.0 = Debug|Any CPU
		{A31FABD3-0578-4C35-990A-6BD3FCA718EF}.Debug|x86.ActiveCfg = Debug|Any CPU
		{A31FABD3-0578-4C35-990A-6BD3FCA718EF}.Debug|x86.Build.0 = Debug|Any CPU
		{A31FABD3-0578-4C35-990A-6BD3FCA718EF}.Release|Any CPU.ActiveCfg = Release|Any CPU
		{A31FABD3-0578-4C35-990A-6BD3FCA718EF}.Release|Any CPU.Build.0 = Release|Any CPU
		{A31FABD3-0578-4C35-990A-6BD3FCA718EF}.Release|ARM64.ActiveCfg = Release|Any CPU
		{A31FABD3-0578-4C35-990A-6BD3FCA718EF}.Release|ARM64.Build.0 = Release|Any CPU
		{A31FABD3-0578-4C35-990A-6BD3FCA718EF}.Release|x64.ActiveCfg = Release|Any CPU
		{A31FABD3-0578-4C35-990A-6BD3FCA718EF}.Release|x64.Build.0 = Release|Any CPU
		{A31FABD3-0578-4C35-990A-6BD3FCA718EF}.Release|x86.ActiveCfg = Release|Any CPU
		{A31FABD3-0578-4C35-990A-6BD3FCA718EF}.Release|x86.Build.0 = Release|Any CPU
	EndGlobalSection
	GlobalSection(SolutionProperties) = preSolution
		HideSolutionNode = FALSE
	EndGlobalSection
	GlobalSection(ExtensibilityGlobals) = postSolution
		SolutionGuid = {E97039EB-46A3-4902-B609-4DE47595235B}
	EndGlobalSection
EndGlobal
