
Microsoft Visual Studio Solution File, Format Version 12.00
# Visual Studio Version 17
VisualStudioVersion = 17.7.34202.233
MinimumVisualStudioVersion = 10.0.40219.1
Project("{9A19103F-16F7-4668-BE54-9A1E7A4F7556}") = "Odyssey.App", "Odyssey\Odyssey.App.csproj", "{E9DEDE61-A872-45E6-B6D7-AE3F4DC50F4F}"
EndProject
Project("{9A19103F-16F7-4668-BE54-9A1E7A4F7556}") = "Odyssey.QuickActions", "Odyssey.QuickActions\Odyssey.QuickActions.csproj", "{5883CD0B-F29B-45F4-8733-4ACD7B995873}"
EndProject
Project("{9A19103F-16F7-4668-BE54-9A1E7A4F7556}") = "Odyssey.Data", "Odyssey.Data\Odyssey.Data.csproj", "{647CD931-A684-4833-84FA-1415FEB0D252}"
EndProject
Project("{9A19103F-16F7-4668-BE54-9A1E7A4F7556}") = "Odyssey.Shared", "Odyssey.Shared\Odyssey.Shared.csproj", "{CADFD930-19DF-4B64-9D0B-2E572A3DD399}"
EndProject
Project("{9A19103F-16F7-4668-BE54-9A1E7A4F7556}") = "Odyssey.WebSearch", "Odyssey.WebSearch\Odyssey.WebSearch.csproj", "{43317869-153A-475D-85A1-EACF00B63135}"
EndProject
Project("{9A19103F-16F7-4668-BE54-9A1E7A4F7556}") = "Odyssey.FWebView", "Odyssey.FWebView\Odyssey.FWebView.csproj", "{154BF7AB-8B8A-41C1-9B6B-28BC8377EBB4}"
EndProject
Project("{9A19103F-16F7-4668-BE54-9A1E7A4F7556}") = "Odyssey.Aria2", "Odyssey.Aria2\Odyssey.Aria2.csproj", "{5C27F468-3769-473B-B4EC-D48F44384DAC}"
EndProject
Project("{9A19103F-16F7-4668-BE54-9A1E7A4F7556}") = "Odyssey.AdBlocker", "Odyssey.AdBlocker\Odyssey.AdBlocker.csproj", "{A31FABD3-0578-4C35-990A-6BD3FCA718EF}"
EndProject
Project("{9A19103F-16F7-4668-BE54-9A1E7A4F7556}") = "Odyssey.TwoFactorsAuthentification", "Odyssey.2FA\Odyssey.TwoFactorsAuthentification.csproj", "{156B92A8-4B93-42BF-9945-1983D8408ACB}"
EndProject
Project("{2150E333-8FDC-42A3-9474-1A3956D46DE8}") = "Solution Items", "Solution Items", "{8B990E63-A03D-4DBB-8ABC-BB36C311A9B9}"
	ProjectSection(SolutionItems) = preProject
		.editorconfig = .editorconfig
	EndProjectSection
EndProject
Project("{9A19103F-16F7-4668-BE54-9A1E7A4F7556}") = "Odyssey.Migration", "Odyssey.Migration\Odyssey.Migration.csproj", "{ABC5860B-AB2C-4CE4-B0E9-B6D962576525}"
EndProject
Project("{9A19103F-16F7-4668-BE54-9A1E7A4F7556}") = "Monaco", "Monaco\Monaco.csproj", "{2D7BA2CE-38D0-437A-BD81-783FE736AC87}"
EndProject
Project("{9A19103F-16F7-4668-BE54-9A1E7A4F7556}") = "AriaSharp", "..\liMusic\AriaSharp\AriaSharp.csproj", "{7C65E0BE-728D-44B5-A12D-300665F794EC}"
EndProject
Project("{D954291E-2A0B-460D-934E-DC6B0785DB48}") = "WebView2Ex.Shared", "..\..\..\Downloads\WebView2Ex-master\WebView2Ex.Shared\WebView2Ex.Shared.shproj", "{DA1F3539-44D9-49B0-A7D6-CA2CC2756E1D}"
EndProject
Project("{9A19103F-16F7-4668-BE54-9A1E7A4F7556}") = "WebView2Ex.WinUI", "..\..\..\Downloads\WebView2Ex-master\WebView2Ex.WinUI\WebView2Ex.WinUI.csproj", "{0DDFA628-515A-407B-B186-9EC55C35BAD9}"
EndProject
Global
	GlobalSection(SolutionConfigurationPlatforms) = preSolution
		Debug|Any CPU = Debug|Any CPU
		Debug|ARM64 = Debug|ARM64
		Debug|x64 = Debug|x64
		Debug|x86 = Debug|x86
		Release|Any CPU = Release|Any CPU
		Release|ARM64 = Release|ARM64
		Release|x64 = Release|x64
		Release|x86 = Release|x86
	EndGlobalSection
	GlobalSection(ProjectConfigurationPlatforms) = postSolution
		{E9DEDE61-A872-45E6-B6D7-AE3F4DC50F4F}.Debug|Any CPU.ActiveCfg = Debug|x64
		{E9DEDE61-A872-45E6-B6D7-AE3F4DC50F4F}.Debug|Any CPU.Build.0 = Debug|x64
		{E9DEDE61-A872-45E6-B6D7-AE3F4DC50F4F}.Debug|Any CPU.Deploy.0 = Debug|x64
		{E9DEDE61-A872-45E6-B6D7-AE3F4DC50F4F}.Debug|ARM64.ActiveCfg = Debug|ARM64
		{E9DEDE61-A872-45E6-B6D7-AE3F4DC50F4F}.Debug|ARM64.Build.0 = Debug|ARM64
		{E9DEDE61-A872-45E6-B6D7-AE3F4DC50F4F}.Debug|ARM64.Deploy.0 = Debug|ARM64
		{E9DEDE61-A872-45E6-B6D7-AE3F4DC50F4F}.Debug|x64.ActiveCfg = Debug|x64
		{E9DEDE61-A872-45E6-B6D7-AE3F4DC50F4F}.Debug|x64.Build.0 = Debug|x64
		{E9DEDE61-A872-45E6-B6D7-AE3F4DC50F4F}.Debug|x64.Deploy.0 = Debug|x64
		{E9DEDE61-A872-45E6-B6D7-AE3F4DC50F4F}.Debug|x86.ActiveCfg = Debug|x86
		{E9DEDE61-A872-45E6-B6D7-AE3F4DC50F4F}.Debug|x86.Build.0 = Debug|x86
		{E9DEDE61-A872-45E6-B6D7-AE3F4DC50F4F}.Debug|x86.Deploy.0 = Debug|x86
		{E9DEDE61-A872-45E6-B6D7-AE3F4DC50F4F}.Release|Any CPU.ActiveCfg = Release|x64
		{E9DEDE61-A872-45E6-B6D7-AE3F4DC50F4F}.Release|Any CPU.Build.0 = Release|x64
		{E9DEDE61-A872-45E6-B6D7-AE3F4DC50F4F}.Release|Any CPU.Deploy.0 = Release|x64
		{E9DEDE61-A872-45E6-B6D7-AE3F4DC50F4F}.Release|ARM64.ActiveCfg = Release|ARM64
		{E9DEDE61-A872-45E6-B6D7-AE3F4DC50F4F}.Release|ARM64.Build.0 = Release|ARM64
		{E9DEDE61-A872-45E6-B6D7-AE3F4DC50F4F}.Release|ARM64.Deploy.0 = Release|ARM64
		{E9DEDE61-A872-45E6-B6D7-AE3F4DC50F4F}.Release|x64.ActiveCfg = Release|x64
		{E9DEDE61-A872-45E6-B6D7-AE3F4DC50F4F}.Release|x64.Build.0 = Release|x64
		{E9DEDE61-A872-45E6-B6D7-AE3F4DC50F4F}.Release|x64.Deploy.0 = Release|x64
		{E9DEDE61-A872-45E6-B6D7-AE3F4DC50F4F}.Release|x86.ActiveCfg = Release|x86
		{E9DEDE61-A872-45E6-B6D7-AE3F4DC50F4F}.Release|x86.Build.0 = Release|x86
		{E9DEDE61-A872-45E6-B6D7-AE3F4DC50F4F}.Release|x86.Deploy.0 = Release|x86
		{5883CD0B-F29B-45F4-8733-4ACD7B995873}.Debug|Any CPU.ActiveCfg = Debug|Any CPU
		{5883CD0B-F29B-45F4-8733-4ACD7B995873}.Debug|Any CPU.Build.0 = Debug|Any CPU
		{5883CD0B-F29B-45F4-8733-4ACD7B995873}.Debug|ARM64.ActiveCfg = Debug|Any CPU
		{5883CD0B-F29B-45F4-8733-4ACD7B995873}.Debug|ARM64.Build.0 = Debug|Any CPU
		{5883CD0B-F29B-45F4-8733-4ACD7B995873}.Debug|x64.ActiveCfg = Debug|Any CPU
		{5883CD0B-F29B-45F4-8733-4ACD7B995873}.Debug|x64.Build.0 = Debug|Any CPU
		{5883CD0B-F29B-45F4-8733-4ACD7B995873}.Debug|x86.ActiveCfg = Debug|Any CPU
		{5883CD0B-F29B-45F4-8733-4ACD7B995873}.Debug|x86.Build.0 = Debug|Any CPU
		{5883CD0B-F29B-45F4-8733-4ACD7B995873}.Release|Any CPU.ActiveCfg = Release|Any CPU
		{5883CD0B-F29B-45F4-8733-4ACD7B995873}.Release|Any CPU.Build.0 = Release|Any CPU
		{5883CD0B-F29B-45F4-8733-4ACD7B995873}.Release|ARM64.ActiveCfg = Release|Any CPU
		{5883CD0B-F29B-45F4-8733-4ACD7B995873}.Release|ARM64.Build.0 = Release|Any CPU
		{5883CD0B-F29B-45F4-8733-4ACD7B995873}.Release|x64.ActiveCfg = Release|Any CPU
		{5883CD0B-F29B-45F4-8733-4ACD7B995873}.Release|x64.Build.0 = Release|Any CPU
		{5883CD0B-F29B-45F4-8733-4ACD7B995873}.Release|x86.ActiveCfg = Release|Any CPU
		{5883CD0B-F29B-45F4-8733-4ACD7B995873}.Release|x86.Build.0 = Release|Any CPU
		{647CD931-A684-4833-84FA-1415FEB0D252}.Debug|Any CPU.ActiveCfg = Debug|Any CPU
		{647CD931-A684-4833-84FA-1415FEB0D252}.Debug|Any CPU.Build.0 = Debug|Any CPU
		{647CD931-A684-4833-84FA-1415FEB0D252}.Debug|ARM64.ActiveCfg = Debug|Any CPU
		{647CD931-A684-4833-84FA-1415FEB0D252}.Debug|ARM64.Build.0 = Debug|Any CPU
		{647CD931-A684-4833-84FA-1415FEB0D252}.Debug|x64.ActiveCfg = Debug|Any CPU
		{647CD931-A684-4833-84FA-1415FEB0D252}.Debug|x64.Build.0 = Debug|Any CPU
		{647CD931-A684-4833-84FA-1415FEB0D252}.Debug|x86.ActiveCfg = Debug|Any CPU
		{647CD931-A684-4833-84FA-1415FEB0D252}.Debug|x86.Build.0 = Debug|Any CPU
		{647CD931-A684-4833-84FA-1415FEB0D252}.Release|Any CPU.ActiveCfg = Release|Any CPU
		{647CD931-A684-4833-84FA-1415FEB0D252}.Release|Any CPU.Build.0 = Release|Any CPU
		{647CD931-A684-4833-84FA-1415FEB0D252}.Release|ARM64.ActiveCfg = Release|Any CPU
		{647CD931-A684-4833-84FA-1415FEB0D252}.Release|ARM64.Build.0 = Release|Any CPU
		{647CD931-A684-4833-84FA-1415FEB0D252}.Release|x64.ActiveCfg = Release|Any CPU
		{647CD931-A684-4833-84FA-1415FEB0D252}.Release|x64.Build.0 = Release|Any CPU
		{647CD931-A684-4833-84FA-1415FEB0D252}.Release|x86.ActiveCfg = Release|Any CPU
		{647CD931-A684-4833-84FA-1415FEB0D252}.Release|x86.Build.0 = Release|Any CPU
		{CADFD930-19DF-4B64-9D0B-2E572A3DD399}.Debug|Any CPU.ActiveCfg = Debug|Any CPU
		{CADFD930-19DF-4B64-9D0B-2E572A3DD399}.Debug|Any CPU.Build.0 = Debug|Any CPU
		{CADFD930-19DF-4B64-9D0B-2E572A3DD399}.Debug|ARM64.ActiveCfg = Debug|Any CPU
		{CADFD930-19DF-4B64-9D0B-2E572A3DD399}.Debug|ARM64.Build.0 = Debug|Any CPU
		{CADFD930-19DF-4B64-9D0B-2E572A3DD399}.Debug|x64.ActiveCfg = Debug|Any CPU
		{CADFD930-19DF-4B64-9D0B-2E572A3DD399}.Debug|x64.Build.0 = Debug|Any CPU
		{CADFD930-19DF-4B64-9D0B-2E572A3DD399}.Debug|x86.ActiveCfg = Debug|Any CPU
		{CADFD930-19DF-4B64-9D0B-2E572A3DD399}.Debug|x86.Build.0 = Debug|Any CPU
		{CADFD930-19DF-4B64-9D0B-2E572A3DD399}.Release|Any CPU.ActiveCfg = Release|Any CPU
		{CADFD930-19DF-4B64-9D0B-2E572A3DD399}.Release|Any CPU.Build.0 = Release|Any CPU
		{CADFD930-19DF-4B64-9D0B-2E572A3DD399}.Release|ARM64.ActiveCfg = Release|Any CPU
		{CADFD930-19DF-4B64-9D0B-2E572A3DD399}.Release|ARM64.Build.0 = Release|Any CPU
		{CADFD930-19DF-4B64-9D0B-2E572A3DD399}.Release|x64.ActiveCfg = Release|Any CPU
		{CADFD930-19DF-4B64-9D0B-2E572A3DD399}.Release|x64.Build.0 = Release|Any CPU
		{CADFD930-19DF-4B64-9D0B-2E572A3DD399}.Release|x86.ActiveCfg = Release|Any CPU
		{CADFD930-19DF-4B64-9D0B-2E572A3DD399}.Release|x86.Build.0 = Release|Any CPU
		{43317869-153A-475D-85A1-EACF00B63135}.Debug|Any CPU.ActiveCfg = Debug|Any CPU
		{43317869-153A-475D-85A1-EACF00B63135}.Debug|Any CPU.Build.0 = Debug|Any CPU
		{43317869-153A-475D-85A1-EACF00B63135}.Debug|ARM64.ActiveCfg = Debug|Any CPU
		{43317869-153A-475D-85A1-EACF00B63135}.Debug|ARM64.Build.0 = Debug|Any CPU
		{43317869-153A-475D-85A1-EACF00B63135}.Debug|x64.ActiveCfg = Debug|Any CPU
		{43317869-153A-475D-85A1-EACF00B63135}.Debug|x64.Build.0 = Debug|Any CPU
		{43317869-153A-475D-85A1-EACF00B63135}.Debug|x86.ActiveCfg = Debug|Any CPU
		{43317869-153A-475D-85A1-EACF00B63135}.Debug|x86.Build.0 = Debug|Any CPU
		{43317869-153A-475D-85A1-EACF00B63135}.Release|Any CPU.ActiveCfg = Release|Any CPU
		{43317869-153A-475D-85A1-EACF00B63135}.Release|Any CPU.Build.0 = Release|Any CPU
		{43317869-153A-475D-85A1-EACF00B63135}.Release|ARM64.ActiveCfg = Release|Any CPU
		{43317869-153A-475D-85A1-EACF00B63135}.Release|ARM64.Build.0 = Release|Any CPU
		{43317869-153A-475D-85A1-EACF00B63135}.Release|x64.ActiveCfg = Release|Any CPU
		{43317869-153A-475D-85A1-EACF00B63135}.Release|x64.Build.0 = Release|Any CPU
		{43317869-153A-475D-85A1-EACF00B63135}.Release|x86.ActiveCfg = Release|Any CPU
		{43317869-153A-475D-85A1-EACF00B63135}.Release|x86.Build.0 = Release|Any CPU
		{154BF7AB-8B8A-41C1-9B6B-28BC8377EBB4}.Debug|Any CPU.ActiveCfg = Debug|Any CPU
		{154BF7AB-8B8A-41C1-9B6B-28BC8377EBB4}.Debug|Any CPU.Build.0 = Debug|Any CPU
		{154BF7AB-8B8A-41C1-9B6B-28BC8377EBB4}.Debug|ARM64.ActiveCfg = Debug|Any CPU
		{154BF7AB-8B8A-41C1-9B6B-28BC8377EBB4}.Debug|ARM64.Build.0 = Debug|Any CPU
		{154BF7AB-8B8A-41C1-9B6B-28BC8377EBB4}.Debug|x64.ActiveCfg = Debug|Any CPU
		{154BF7AB-8B8A-41C1-9B6B-28BC8377EBB4}.Debug|x64.Build.0 = Debug|Any CPU
		{154BF7AB-8B8A-41C1-9B6B-28BC8377EBB4}.Debug|x86.ActiveCfg = Debug|Any CPU
		{154BF7AB-8B8A-41C1-9B6B-28BC8377EBB4}.Debug|x86.Build.0 = Debug|Any CPU
		{154BF7AB-8B8A-41C1-9B6B-28BC8377EBB4}.Release|Any CPU.ActiveCfg = Release|Any CPU
		{154BF7AB-8B8A-41C1-9B6B-28BC8377EBB4}.Release|Any CPU.Build.0 = Release|Any CPU
		{154BF7AB-8B8A-41C1-9B6B-28BC8377EBB4}.Release|ARM64.ActiveCfg = Release|Any CPU
		{154BF7AB-8B8A-41C1-9B6B-28BC8377EBB4}.Release|ARM64.Build.0 = Release|Any CPU
		{154BF7AB-8B8A-41C1-9B6B-28BC8377EBB4}.Release|x64.ActiveCfg = Release|Any CPU
		{154BF7AB-8B8A-41C1-9B6B-28BC8377EBB4}.Release|x64.Build.0 = Release|Any CPU
		{154BF7AB-8B8A-41C1-9B6B-28BC8377EBB4}.Release|x86.ActiveCfg = Release|Any CPU
		{154BF7AB-8B8A-41C1-9B6B-28BC8377EBB4}.Release|x86.Build.0 = Release|Any CPU
		{5C27F468-3769-473B-B4EC-D48F44384DAC}.Debug|Any CPU.ActiveCfg = Debug|Any CPU
		{5C27F468-3769-473B-B4EC-D48F44384DAC}.Debug|Any CPU.Build.0 = Debug|Any CPU
		{5C27F468-3769-473B-B4EC-D48F44384DAC}.Debug|ARM64.ActiveCfg = Debug|Any CPU
		{5C27F468-3769-473B-B4EC-D48F44384DAC}.Debug|ARM64.Build.0 = Debug|Any CPU
		{5C27F468-3769-473B-B4EC-D48F44384DAC}.Debug|x64.ActiveCfg = Debug|Any CPU
		{5C27F468-3769-473B-B4EC-D48F44384DAC}.Debug|x64.Build.0 = Debug|Any CPU
		{5C27F468-3769-473B-B4EC-D48F44384DAC}.Debug|x86.ActiveCfg = Debug|Any CPU
		{5C27F468-3769-473B-B4EC-D48F44384DAC}.Debug|x86.Build.0 = Debug|Any CPU
		{5C27F468-3769-473B-B4EC-D48F44384DAC}.Release|Any CPU.ActiveCfg = Release|Any CPU
		{5C27F468-3769-473B-B4EC-D48F44384DAC}.Release|Any CPU.Build.0 = Release|Any CPU
		{5C27F468-3769-473B-B4EC-D48F44384DAC}.Release|ARM64.ActiveCfg = Release|Any CPU
		{5C27F468-3769-473B-B4EC-D48F44384DAC}.Release|ARM64.Build.0 = Release|Any CPU
		{5C27F468-3769-473B-B4EC-D48F44384DAC}.Release|x64.ActiveCfg = Release|Any CPU
		{5C27F468-3769-473B-B4EC-D48F44384DAC}.Release|x64.Build.0 = Release|Any CPU
		{5C27F468-3769-473B-B4EC-D48F44384DAC}.Release|x86.ActiveCfg = Release|Any CPU
		{5C27F468-3769-473B-B4EC-D48F44384DAC}.Release|x86.Build.0 = Release|Any CPU
		{A31FABD3-0578-4C35-990A-6BD3FCA718EF}.Debug|Any CPU.ActiveCfg = Debug|Any CPU
		{A31FABD3-0578-4C35-990A-6BD3FCA718EF}.Debug|Any CPU.Build.0 = Debug|Any CPU
		{A31FABD3-0578-4C35-990A-6BD3FCA718EF}.Debug|ARM64.ActiveCfg = Debug|Any CPU
		{A31FABD3-0578-4C35-990A-6BD3FCA718EF}.Debug|ARM64.Build.0 = Debug|Any CPU
		{A31FABD3-0578-4C35-990A-6BD3FCA718EF}.Debug|x64.ActiveCfg = Debug|Any CPU
		{A31FABD3-0578-4C35-990A-6BD3FCA718EF}.Debug|x64.Build.0 = Debug|Any CPU
		{A31FABD3-0578-4C35-990A-6BD3FCA718EF}.Debug|x86.ActiveCfg = Debug|Any CPU
		{A31FABD3-0578-4C35-990A-6BD3FCA718EF}.Debug|x86.Build.0 = Debug|Any CPU
		{A31FABD3-0578-4C35-990A-6BD3FCA718EF}.Release|Any CPU.ActiveCfg = Release|Any CPU
		{A31FABD3-0578-4C35-990A-6BD3FCA718EF}.Release|Any CPU.Build.0 = Release|Any CPU
		{A31FABD3-0578-4C35-990A-6BD3FCA718EF}.Release|ARM64.ActiveCfg = Release|Any CPU
		{A31FABD3-0578-4C35-990A-6BD3FCA718EF}.Release|ARM64.Build.0 = Release|Any CPU
		{A31FABD3-0578-4C35-990A-6BD3FCA718EF}.Release|x64.ActiveCfg = Release|Any CPU
		{A31FABD3-0578-4C35-990A-6BD3FCA718EF}.Release|x64.Build.0 = Release|Any CPU
		{A31FABD3-0578-4C35-990A-6BD3FCA718EF}.Release|x86.ActiveCfg = Release|Any CPU
		{A31FABD3-0578-4C35-990A-6BD3FCA718EF}.Release|x86.Build.0 = Release|Any CPU
		{156B92A8-4B93-42BF-9945-1983D8408ACB}.Debug|Any CPU.ActiveCfg = Debug|Any CPU
		{156B92A8-4B93-42BF-9945-1983D8408ACB}.Debug|Any CPU.Build.0 = Debug|Any CPU
		{156B92A8-4B93-42BF-9945-1983D8408ACB}.Debug|ARM64.ActiveCfg = Debug|Any CPU
		{156B92A8-4B93-42BF-9945-1983D8408ACB}.Debug|ARM64.Build.0 = Debug|Any CPU
		{156B92A8-4B93-42BF-9945-1983D8408ACB}.Debug|x64.ActiveCfg = Debug|Any CPU
		{156B92A8-4B93-42BF-9945-1983D8408ACB}.Debug|x64.Build.0 = Debug|Any CPU
		{156B92A8-4B93-42BF-9945-1983D8408ACB}.Debug|x86.ActiveCfg = Debug|Any CPU
		{156B92A8-4B93-42BF-9945-1983D8408ACB}.Debug|x86.Build.0 = Debug|Any CPU
		{156B92A8-4B93-42BF-9945-1983D8408ACB}.Release|Any CPU.ActiveCfg = Release|Any CPU
		{156B92A8-4B93-42BF-9945-1983D8408ACB}.Release|Any CPU.Build.0 = Release|Any CPU
		{156B92A8-4B93-42BF-9945-1983D8408ACB}.Release|ARM64.ActiveCfg = Release|Any CPU
		{156B92A8-4B93-42BF-9945-1983D8408ACB}.Release|ARM64.Build.0 = Release|Any CPU
		{156B92A8-4B93-42BF-9945-1983D8408ACB}.Release|x64.ActiveCfg = Release|Any CPU
		{156B92A8-4B93-42BF-9945-1983D8408ACB}.Release|x64.Build.0 = Release|Any CPU
		{156B92A8-4B93-42BF-9945-1983D8408ACB}.Release|x86.ActiveCfg = Release|Any CPU
		{156B92A8-4B93-42BF-9945-1983D8408ACB}.Release|x86.Build.0 = Release|Any CPU
		{ABC5860B-AB2C-4CE4-B0E9-B6D962576525}.Debug|Any CPU.ActiveCfg = Debug|Any CPU
		{ABC5860B-AB2C-4CE4-B0E9-B6D962576525}.Debug|Any CPU.Build.0 = Debug|Any CPU
		{ABC5860B-AB2C-4CE4-B0E9-B6D962576525}.Debug|ARM64.ActiveCfg = Debug|Any CPU
		{ABC5860B-AB2C-4CE4-B0E9-B6D962576525}.Debug|ARM64.Build.0 = Debug|Any CPU
		{ABC5860B-AB2C-4CE4-B0E9-B6D962576525}.Debug|x64.ActiveCfg = Debug|Any CPU
		{ABC5860B-AB2C-4CE4-B0E9-B6D962576525}.Debug|x64.Build.0 = Debug|Any CPU
		{ABC5860B-AB2C-4CE4-B0E9-B6D962576525}.Debug|x86.ActiveCfg = Debug|Any CPU
		{ABC5860B-AB2C-4CE4-B0E9-B6D962576525}.Debug|x86.Build.0 = Debug|Any CPU
		{ABC5860B-AB2C-4CE4-B0E9-B6D962576525}.Release|Any CPU.ActiveCfg = Release|Any CPU
		{ABC5860B-AB2C-4CE4-B0E9-B6D962576525}.Release|Any CPU.Build.0 = Release|Any CPU
		{ABC5860B-AB2C-4CE4-B0E9-B6D962576525}.Release|ARM64.ActiveCfg = Release|Any CPU
		{ABC5860B-AB2C-4CE4-B0E9-B6D962576525}.Release|ARM64.Build.0 = Release|Any CPU
		{ABC5860B-AB2C-4CE4-B0E9-B6D962576525}.Release|x64.ActiveCfg = Release|Any CPU
		{ABC5860B-AB2C-4CE4-B0E9-B6D962576525}.Release|x64.Build.0 = Release|Any CPU
		{ABC5860B-AB2C-4CE4-B0E9-B6D962576525}.Release|x86.ActiveCfg = Release|Any CPU
		{ABC5860B-AB2C-4CE4-B0E9-B6D962576525}.Release|x86.Build.0 = Release|Any CPU
		{2D7BA2CE-38D0-437A-BD81-783FE736AC87}.Debug|Any CPU.ActiveCfg = Debug|Any CPU
		{2D7BA2CE-38D0-437A-BD81-783FE736AC87}.Debug|Any CPU.Build.0 = Debug|Any CPU
		{2D7BA2CE-38D0-437A-BD81-783FE736AC87}.Debug|ARM64.ActiveCfg = Debug|Any CPU
		{2D7BA2CE-38D0-437A-BD81-783FE736AC87}.Debug|ARM64.Build.0 = Debug|Any CPU
		{2D7BA2CE-38D0-437A-BD81-783FE736AC87}.Debug|x64.ActiveCfg = Debug|Any CPU
		{2D7BA2CE-38D0-437A-BD81-783FE736AC87}.Debug|x64.Build.0 = Debug|Any CPU
		{2D7BA2CE-38D0-437A-BD81-783FE736AC87}.Debug|x86.ActiveCfg = Debug|Any CPU
		{2D7BA2CE-38D0-437A-BD81-783FE736AC87}.Debug|x86.Build.0 = Debug|Any CPU
		{2D7BA2CE-38D0-437A-BD81-783FE736AC87}.Release|Any CPU.ActiveCfg = Release|Any CPU
		{2D7BA2CE-38D0-437A-BD81-783FE736AC87}.Release|Any CPU.Build.0 = Release|Any CPU
		{2D7BA2CE-38D0-437A-BD81-783FE736AC87}.Release|ARM64.ActiveCfg = Release|Any CPU
		{2D7BA2CE-38D0-437A-BD81-783FE736AC87}.Release|ARM64.Build.0 = Release|Any CPU
		{2D7BA2CE-38D0-437A-BD81-783FE736AC87}.Release|x64.ActiveCfg = Release|Any CPU
		{2D7BA2CE-38D0-437A-BD81-783FE736AC87}.Release|x64.Build.0 = Release|Any CPU
		{2D7BA2CE-38D0-437A-BD81-783FE736AC87}.Release|x86.ActiveCfg = Release|Any CPU
		{2D7BA2CE-38D0-437A-BD81-783FE736AC87}.Release|x86.Build.0 = Release|Any CPU
		{7C65E0BE-728D-44B5-A12D-300665F794EC}.Debug|Any CPU.ActiveCfg = Debug|Any CPU
		{7C65E0BE-728D-44B5-A12D-300665F794EC}.Debug|Any CPU.Build.0 = Debug|Any CPU
		{7C65E0BE-728D-44B5-A12D-300665F794EC}.Debug|ARM64.ActiveCfg = Debug|Any CPU
		{7C65E0BE-728D-44B5-A12D-300665F794EC}.Debug|ARM64.Build.0 = Debug|Any CPU
		{7C65E0BE-728D-44B5-A12D-300665F794EC}.Debug|x64.ActiveCfg = Debug|Any CPU
		{7C65E0BE-728D-44B5-A12D-300665F794EC}.Debug|x64.Build.0 = Debug|Any CPU
		{7C65E0BE-728D-44B5-A12D-300665F794EC}.Debug|x86.ActiveCfg = Debug|Any CPU
		{7C65E0BE-728D-44B5-A12D-300665F794EC}.Debug|x86.Build.0 = Debug|Any CPU
		{7C65E0BE-728D-44B5-A12D-300665F794EC}.Release|Any CPU.ActiveCfg = Release|Any CPU
		{7C65E0BE-728D-44B5-A12D-300665F794EC}.Release|Any CPU.Build.0 = Release|Any CPU
		{7C65E0BE-728D-44B5-A12D-300665F794EC}.Release|ARM64.ActiveCfg = Release|Any CPU
		{7C65E0BE-728D-44B5-A12D-300665F794EC}.Release|ARM64.Build.0 = Release|Any CPU
		{7C65E0BE-728D-44B5-A12D-300665F794EC}.Release|x64.ActiveCfg = Release|Any CPU
		{7C65E0BE-728D-44B5-A12D-300665F794EC}.Release|x64.Build.0 = Release|Any CPU
		{7C65E0BE-728D-44B5-A12D-300665F794EC}.Release|x86.ActiveCfg = Release|Any CPU
		{7C65E0BE-728D-44B5-A12D-300665F794EC}.Release|x86.Build.0 = Release|Any CPU
		{0DDFA628-515A-407B-B186-9EC55C35BAD9}.Debug|Any CPU.ActiveCfg = Debug|Any CPU
		{0DDFA628-515A-407B-B186-9EC55C35BAD9}.Debug|Any CPU.Build.0 = Debug|Any CPU
		{0DDFA628-515A-407B-B186-9EC55C35BAD9}.Debug|ARM64.ActiveCfg = Debug|Any CPU
		{0DDFA628-515A-407B-B186-9EC55C35BAD9}.Debug|ARM64.Build.0 = Debug|Any CPU
		{0DDFA628-515A-407B-B186-9EC55C35BAD9}.Debug|x64.ActiveCfg = Debug|x64
		{0DDFA628-515A-407B-B186-9EC55C35BAD9}.Debug|x64.Build.0 = Debug|x64
		{0DDFA628-515A-407B-B186-9EC55C35BAD9}.Debug|x86.ActiveCfg = Debug|Any CPU
		{0DDFA628-515A-407B-B186-9EC55C35BAD9}.Debug|x86.Build.0 = Debug|Any CPU
		{0DDFA628-515A-407B-B186-9EC55C35BAD9}.Release|Any CPU.ActiveCfg = Release|Any CPU
		{0DDFA628-515A-407B-B186-9EC55C35BAD9}.Release|Any CPU.Build.0 = Release|Any CPU
		{0DDFA628-515A-407B-B186-9EC55C35BAD9}.Release|ARM64.ActiveCfg = Release|Any CPU
		{0DDFA628-515A-407B-B186-9EC55C35BAD9}.Release|ARM64.Build.0 = Release|Any CPU
		{0DDFA628-515A-407B-B186-9EC55C35BAD9}.Release|x64.ActiveCfg = Release|x64
		{0DDFA628-515A-407B-B186-9EC55C35BAD9}.Release|x64.Build.0 = Release|x64
		{0DDFA628-515A-407B-B186-9EC55C35BAD9}.Release|x86.ActiveCfg = Release|Any CPU
		{0DDFA628-515A-407B-B186-9EC55C35BAD9}.Release|x86.Build.0 = Release|Any CPU
	EndGlobalSection
	GlobalSection(SolutionProperties) = preSolution
		HideSolutionNode = FALSE
	EndGlobalSection
	GlobalSection(ExtensibilityGlobals) = postSolution
		SolutionGuid = {E97039EB-46A3-4902-B609-4DE47595235B}
	EndGlobalSection
	GlobalSection(SharedMSBuildProjectFiles) = preSolution
		..\..\..\Downloads\WebView2Ex-master\WebView2Ex.Shared\WebView2Ex.Shared.projitems*{0ddfa628-515a-407b-b186-9ec55c35bad9}*SharedItemsImports = 5
		..\..\..\Downloads\WebView2Ex-master\WebView2Ex.Shared\WebView2Ex.Shared.projitems*{da1f3539-44d9-49b0-a7d6-ca2cc2756e1d}*SharedItemsImports = 13
	EndGlobalSection
EndGlobal
