
Microsoft Visual Studio Solution File, Format Version 12.00
# Visual Studio Version 17
VisualStudioVersion = 17.7.34202.233
MinimumVisualStudioVersion = 10.0.40219.1
Project("{9A19103F-16F7-4668-BE54-9A1E7A4F7556}") = "Odyssey.App", "Odyssey\Odyssey.App.csproj", "{E9DEDE61-A872-45E6-B6D7-AE3F4DC50F4F}"
EndProject
Project("{9A19103F-16F7-4668-BE54-9A1E7A4F7556}") = "Odyssey.QuickActions", "Odyssey.QuickActions\Odyssey.QuickActions.csproj", "{5883CD0B-F29B-45F4-8733-4ACD7B995873}"
EndProject
Project("{9A19103F-16F7-4668-BE54-9A1E7A4F7556}") = "Odyssey.Data", "Odyssey.Data\Odyssey.Data.csproj", "{647CD931-A684-4833-84FA-1415FEB0D252}"
EndProject
Project("{9A19103F-16F7-4668-BE54-9A1E7A4F7556}") = "Odyssey.Shared", "Odyssey.Shared\Odyssey.Shared.csproj", "{CADFD930-19DF-4B64-9D0B-2E572A3DD399}"
EndProject
Project("{9A19103F-16F7-4668-BE54-9A1E7A4F7556}") = "Odyssey.WebSearch", "Odyssey.WebSearch\Odyssey.WebSearch.csproj", "{43317869-153A-475D-85A1-EACF00B63135}"
EndProject
Project("{9A19103F-16F7-4668-BE54-9A1E7A4F7556}") = "Odyssey.FWebView", "Odyssey.FWebView\Odyssey.FWebView.csproj", "{154BF7AB-8B8A-41C1-9B6B-28BC8377EBB4}"
EndProject
Project("{9A19103F-16F7-4668-BE54-9A1E7A4F7556}") = "Odyssey.AdBlocker", "Odyssey.AdBlocker\Odyssey.AdBlocker.csproj", "{A31FABD3-0578-4C35-990A-6BD3FCA718EF}"
EndProject
Project("{9A19103F-16F7-4668-BE54-9A1E7A4F7556}") = "Odyssey.TwoFactorsAuthentification", "Odyssey.2FA\Odyssey.TwoFactorsAuthentification.csproj", "{156B92A8-4B93-42BF-9945-1983D8408ACB}"
EndProject
Project("{2150E333-8FDC-42A3-9474-1A3956D46DE8}") = "Solution Items", "Solution Items", "{8B990E63-A03D-4DBB-8ABC-BB36C311A9B9}"
	ProjectSection(SolutionItems) = preProject
		.editorconfig = .editorconfig
	EndProjectSection
EndProject
Project("{9A19103F-16F7-4668-BE54-9A1E7A4F7556}") = "Odyssey.Migration", "Odyssey.Migration\Odyssey.Migration.csproj", "{ABC5860B-AB2C-4CE4-B0E9-B6D962576525}"
EndProject
Project("{9A19103F-16F7-4668-BE54-9A1E7A4F7556}") = "Monaco", "..\..\..\Monaco-main\Monaco-main\Monaco.csproj", "{3B061D65-DC92-4B07-A46A-62270A8A72B8}"
EndProject
Project("{9A19103F-16F7-4668-BE54-9A1E7A4F7556}") = "AriaSharp", "..\..\..\AriaSharp-main\AriaSharp-main\AriaSharp.csproj", "{87F4A0DA-741B-411B-9AB3-048CB52AC1A8}"
EndProject
Project("{9A19103F-16F7-4668-BE54-9A1E7A4F7556}") = "Odyssey.Integrations", "Odyssey.Integrations\Odyssey.Integrations.csproj", "{670C9A77-0762-469C-8587-714D32ED003E}"
EndProject
Project("{FAE04EC0-301F-11D3-BF4B-00C04F79EFBC}") = "Odyssey.LibreYAPI", "Odyssey.LibreYAPI\Odyssey.LibreYAPI.csproj", "{562F5E6E-BD35-4303-A756-815561B15C18}"
EndProject
Global
	GlobalSection(SolutionConfigurationPlatforms) = preSolution
		Debug|Any CPU = Debug|Any CPU
		Debug|ARM64 = Debug|ARM64
		Debug|x64 = Debug|x64
		Debug|x86 = Debug|x86
		Release|Any CPU = Release|Any CPU
		Release|ARM64 = Release|ARM64
		Release|x64 = Release|x64
		Release|x86 = Release|x86
		Test|Any CPU = Test|Any CPU
		Test|ARM64 = Test|ARM64
		Test|x64 = Test|x64
		Test|x86 = Test|x86
	EndGlobalSection
	GlobalSection(ProjectConfigurationPlatforms) = postSolution
		{E9DEDE61-A872-45E6-B6D7-AE3F4DC50F4F}.Debug|Any CPU.ActiveCfg = Debug|x64
		{E9DEDE61-A872-45E6-B6D7-AE3F4DC50F4F}.Debug|Any CPU.Build.0 = Debug|x64
		{E9DEDE61-A872-45E6-B6D7-AE3F4DC50F4F}.Debug|Any CPU.Deploy.0 = Debug|x64
		{E9DEDE61-A872-45E6-B6D7-AE3F4DC50F4F}.Debug|ARM64.ActiveCfg = Debug|ARM64
		{E9DEDE61-A872-45E6-B6D7-AE3F4DC50F4F}.Debug|ARM64.Build.0 = Debug|ARM64
		{E9DEDE61-A872-45E6-B6D7-AE3F4DC50F4F}.Debug|ARM64.Deploy.0 = Debug|ARM64
		{E9DEDE61-A872-45E6-B6D7-AE3F4DC50F4F}.Debug|x64.ActiveCfg = Debug|x64
		{E9DEDE61-A872-45E6-B6D7-AE3F4DC50F4F}.Debug|x64.Build.0 = Debug|x64
		{E9DEDE61-A872-45E6-B6D7-AE3F4DC50F4F}.Debug|x64.Deploy.0 = Debug|x64
		{E9DEDE61-A872-45E6-B6D7-AE3F4DC50F4F}.Debug|x86.ActiveCfg = Debug|x86
		{E9DEDE61-A872-45E6-B6D7-AE3F4DC50F4F}.Debug|x86.Build.0 = Debug|x86
		{E9DEDE61-A872-45E6-B6D7-AE3F4DC50F4F}.Debug|x86.Deploy.0 = Debug|x86
		{E9DEDE61-A872-45E6-B6D7-AE3F4DC50F4F}.Release|Any CPU.ActiveCfg = Release|x64
		{E9DEDE61-A872-45E6-B6D7-AE3F4DC50F4F}.Release|Any CPU.Build.0 = Release|x64
		{E9DEDE61-A872-45E6-B6D7-AE3F4DC50F4F}.Release|Any CPU.Deploy.0 = Release|x64
		{E9DEDE61-A872-45E6-B6D7-AE3F4DC50F4F}.Release|ARM64.ActiveCfg = Release|ARM64
		{E9DEDE61-A872-45E6-B6D7-AE3F4DC50F4F}.Release|ARM64.Build.0 = Release|ARM64
		{E9DEDE61-A872-45E6-B6D7-AE3F4DC50F4F}.Release|ARM64.Deploy.0 = Release|ARM64
		{E9DEDE61-A872-45E6-B6D7-AE3F4DC50F4F}.Release|x64.ActiveCfg = Release|x64
		{E9DEDE61-A872-45E6-B6D7-AE3F4DC50F4F}.Release|x64.Build.0 = Release|x64
		{E9DEDE61-A872-45E6-B6D7-AE3F4DC50F4F}.Release|x64.Deploy.0 = Release|x64
		{E9DEDE61-A872-45E6-B6D7-AE3F4DC50F4F}.Release|x86.ActiveCfg = Release|x86
		{E9DEDE61-A872-45E6-B6D7-AE3F4DC50F4F}.Release|x86.Build.0 = Release|x86
		{E9DEDE61-A872-45E6-B6D7-AE3F4DC50F4F}.Release|x86.Deploy.0 = Release|x86
		{E9DEDE61-A872-45E6-B6D7-AE3F4DC50F4F}.Test|Any CPU.ActiveCfg = Release|x64
		{E9DEDE61-A872-45E6-B6D7-AE3F4DC50F4F}.Test|Any CPU.Build.0 = Release|x64
		{E9DEDE61-A872-45E6-B6D7-AE3F4DC50F4F}.Test|Any CPU.Deploy.0 = Release|x64
		{E9DEDE61-A872-45E6-B6D7-AE3F4DC50F4F}.Test|ARM64.ActiveCfg = Release|ARM64
		{E9DEDE61-A872-45E6-B6D7-AE3F4DC50F4F}.Test|ARM64.Build.0 = Release|ARM64
		{E9DEDE61-A872-45E6-B6D7-AE3F4DC50F4F}.Test|ARM64.Deploy.0 = Release|ARM64
		{E9DEDE61-A872-45E6-B6D7-AE3F4DC50F4F}.Test|x64.ActiveCfg = Release|x64
		{E9DEDE61-A872-45E6-B6D7-AE3F4DC50F4F}.Test|x64.Build.0 = Release|x64
		{E9DEDE61-A872-45E6-B6D7-AE3F4DC50F4F}.Test|x64.Deploy.0 = Release|x64
		{E9DEDE61-A872-45E6-B6D7-AE3F4DC50F4F}.Test|x86.ActiveCfg = Release|x86
		{E9DEDE61-A872-45E6-B6D7-AE3F4DC50F4F}.Test|x86.Build.0 = Release|x86
		{E9DEDE61-A872-45E6-B6D7-AE3F4DC50F4F}.Test|x86.Deploy.0 = Release|x86
		{5883CD0B-F29B-45F4-8733-4ACD7B995873}.Debug|Any CPU.ActiveCfg = Debug|Any CPU
		{5883CD0B-F29B-45F4-8733-4ACD7B995873}.Debug|Any CPU.Build.0 = Debug|Any CPU
		{5883CD0B-F29B-45F4-8733-4ACD7B995873}.Debug|ARM64.ActiveCfg = Debug|Any CPU
		{5883CD0B-F29B-45F4-8733-4ACD7B995873}.Debug|ARM64.Build.0 = Debug|Any CPU
		{5883CD0B-F29B-45F4-8733-4ACD7B995873}.Debug|x64.ActiveCfg = Debug|Any CPU
		{5883CD0B-F29B-45F4-8733-4ACD7B995873}.Debug|x64.Build.0 = Debug|Any CPU
		{5883CD0B-F29B-45F4-8733-4ACD7B995873}.Debug|x86.ActiveCfg = Debug|Any CPU
		{5883CD0B-F29B-45F4-8733-4ACD7B995873}.Debug|x86.Build.0 = Debug|Any CPU
		{5883CD0B-F29B-45F4-8733-4ACD7B995873}.Release|Any CPU.ActiveCfg = Release|Any CPU
		{5883CD0B-F29B-45F4-8733-4ACD7B995873}.Release|Any CPU.Build.0 = Release|Any CPU
		{5883CD0B-F29B-45F4-8733-4ACD7B995873}.Release|ARM64.ActiveCfg = Release|Any CPU
		{5883CD0B-F29B-45F4-8733-4ACD7B995873}.Release|ARM64.Build.0 = Release|Any CPU
		{5883CD0B-F29B-45F4-8733-4ACD7B995873}.Release|x64.ActiveCfg = Release|Any CPU
		{5883CD0B-F29B-45F4-8733-4ACD7B995873}.Release|x64.Build.0 = Release|Any CPU
		{5883CD0B-F29B-45F4-8733-4ACD7B995873}.Release|x86.ActiveCfg = Release|Any CPU
		{5883CD0B-F29B-45F4-8733-4ACD7B995873}.Release|x86.Build.0 = Release|Any CPU
		{5883CD0B-F29B-45F4-8733-4ACD7B995873}.Test|Any CPU.ActiveCfg = Release|Any CPU
		{5883CD0B-F29B-45F4-8733-4ACD7B995873}.Test|Any CPU.Build.0 = Release|Any CPU
		{5883CD0B-F29B-45F4-8733-4ACD7B995873}.Test|ARM64.ActiveCfg = Release|Any CPU
		{5883CD0B-F29B-45F4-8733-4ACD7B995873}.Test|ARM64.Build.0 = Release|Any CPU
		{5883CD0B-F29B-45F4-8733-4ACD7B995873}.Test|x64.ActiveCfg = Release|Any CPU
		{5883CD0B-F29B-45F4-8733-4ACD7B995873}.Test|x64.Build.0 = Release|Any CPU
		{5883CD0B-F29B-45F4-8733-4ACD7B995873}.Test|x86.ActiveCfg = Release|Any CPU
		{5883CD0B-F29B-45F4-8733-4ACD7B995873}.Test|x86.Build.0 = Release|Any CPU
		{647CD931-A684-4833-84FA-1415FEB0D252}.Debug|Any CPU.ActiveCfg = Debug|Any CPU
		{647CD931-A684-4833-84FA-1415FEB0D252}.Debug|Any CPU.Build.0 = Debug|Any CPU
		{647CD931-A684-4833-84FA-1415FEB0D252}.Debug|ARM64.ActiveCfg = Debug|Any CPU
		{647CD931-A684-4833-84FA-1415FEB0D252}.Debug|ARM64.Build.0 = Debug|Any CPU
		{647CD931-A684-4833-84FA-1415FEB0D252}.Debug|x64.ActiveCfg = Debug|Any CPU
		{647CD931-A684-4833-84FA-1415FEB0D252}.Debug|x64.Build.0 = Debug|Any CPU
		{647CD931-A684-4833-84FA-1415FEB0D252}.Debug|x86.ActiveCfg = Debug|Any CPU
		{647CD931-A684-4833-84FA-1415FEB0D252}.Debug|x86.Build.0 = Debug|Any CPU
		{647CD931-A684-4833-84FA-1415FEB0D252}.Release|Any CPU.ActiveCfg = Release|Any CPU
		{647CD931-A684-4833-84FA-1415FEB0D252}.Release|Any CPU.Build.0 = Release|Any CPU
		{647CD931-A684-4833-84FA-1415FEB0D252}.Release|ARM64.ActiveCfg = Release|Any CPU
		{647CD931-A684-4833-84FA-1415FEB0D252}.Release|ARM64.Build.0 = Release|Any CPU
		{647CD931-A684-4833-84FA-1415FEB0D252}.Release|x64.ActiveCfg = Release|Any CPU
		{647CD931-A684-4833-84FA-1415FEB0D252}.Release|x64.Build.0 = Release|Any CPU
		{647CD931-A684-4833-84FA-1415FEB0D252}.Release|x86.ActiveCfg = Release|Any CPU
		{647CD931-A684-4833-84FA-1415FEB0D252}.Release|x86.Build.0 = Release|Any CPU
		{647CD931-A684-4833-84FA-1415FEB0D252}.Test|Any CPU.ActiveCfg = Release|Any CPU
		{647CD931-A684-4833-84FA-1415FEB0D252}.Test|Any CPU.Build.0 = Release|Any CPU
		{647CD931-A684-4833-84FA-1415FEB0D252}.Test|ARM64.ActiveCfg = Release|Any CPU
		{647CD931-A684-4833-84FA-1415FEB0D252}.Test|ARM64.Build.0 = Release|Any CPU
		{647CD931-A684-4833-84FA-1415FEB0D252}.Test|x64.ActiveCfg = Release|Any CPU
		{647CD931-A684-4833-84FA-1415FEB0D252}.Test|x64.Build.0 = Release|Any CPU
		{647CD931-A684-4833-84FA-1415FEB0D252}.Test|x86.ActiveCfg = Release|Any CPU
		{647CD931-A684-4833-84FA-1415FEB0D252}.Test|x86.Build.0 = Release|Any CPU
		{CADFD930-19DF-4B64-9D0B-2E572A3DD399}.Debug|Any CPU.ActiveCfg = Debug|Any CPU
		{CADFD930-19DF-4B64-9D0B-2E572A3DD399}.Debug|Any CPU.Build.0 = Debug|Any CPU
		{CADFD930-19DF-4B64-9D0B-2E572A3DD399}.Debug|ARM64.ActiveCfg = Debug|Any CPU
		{CADFD930-19DF-4B64-9D0B-2E572A3DD399}.Debug|ARM64.Build.0 = Debug|Any CPU
		{CADFD930-19DF-4B64-9D0B-2E572A3DD399}.Debug|x64.ActiveCfg = Debug|Any CPU
		{CADFD930-19DF-4B64-9D0B-2E572A3DD399}.Debug|x64.Build.0 = Debug|Any CPU
		{CADFD930-19DF-4B64-9D0B-2E572A3DD399}.Debug|x86.ActiveCfg = Debug|Any CPU
		{CADFD930-19DF-4B64-9D0B-2E572A3DD399}.Debug|x86.Build.0 = Debug|Any CPU
		{CADFD930-19DF-4B64-9D0B-2E572A3DD399}.Release|Any CPU.ActiveCfg = Release|Any CPU
		{CADFD930-19DF-4B64-9D0B-2E572A3DD399}.Release|Any CPU.Build.0 = Release|Any CPU
		{CADFD930-19DF-4B64-9D0B-2E572A3DD399}.Release|ARM64.ActiveCfg = Release|Any CPU
		{CADFD930-19DF-4B64-9D0B-2E572A3DD399}.Release|ARM64.Build.0 = Release|Any CPU
		{CADFD930-19DF-4B64-9D0B-2E572A3DD399}.Release|x64.ActiveCfg = Release|Any CPU
		{CADFD930-19DF-4B64-9D0B-2E572A3DD399}.Release|x64.Build.0 = Release|Any CPU
		{CADFD930-19DF-4B64-9D0B-2E572A3DD399}.Release|x86.ActiveCfg = Release|Any CPU
		{CADFD930-19DF-4B64-9D0B-2E572A3DD399}.Release|x86.Build.0 = Release|Any CPU
		{CADFD930-19DF-4B64-9D0B-2E572A3DD399}.Test|Any CPU.ActiveCfg = Release|Any CPU
		{CADFD930-19DF-4B64-9D0B-2E572A3DD399}.Test|Any CPU.Build.0 = Release|Any CPU
		{CADFD930-19DF-4B64-9D0B-2E572A3DD399}.Test|ARM64.ActiveCfg = Release|Any CPU
		{CADFD930-19DF-4B64-9D0B-2E572A3DD399}.Test|ARM64.Build.0 = Release|Any CPU
		{CADFD930-19DF-4B64-9D0B-2E572A3DD399}.Test|x64.ActiveCfg = Release|Any CPU
		{CADFD930-19DF-4B64-9D0B-2E572A3DD399}.Test|x64.Build.0 = Release|Any CPU
		{CADFD930-19DF-4B64-9D0B-2E572A3DD399}.Test|x86.ActiveCfg = Release|Any CPU
		{CADFD930-19DF-4B64-9D0B-2E572A3DD399}.Test|x86.Build.0 = Release|Any CPU
		{43317869-153A-475D-85A1-EACF00B63135}.Debug|Any CPU.ActiveCfg = Debug|Any CPU
		{43317869-153A-475D-85A1-EACF00B63135}.Debug|Any CPU.Build.0 = Debug|Any CPU
		{43317869-153A-475D-85A1-EACF00B63135}.Debug|ARM64.ActiveCfg = Debug|Any CPU
		{43317869-153A-475D-85A1-EACF00B63135}.Debug|ARM64.Build.0 = Debug|Any CPU
		{43317869-153A-475D-85A1-EACF00B63135}.Debug|x64.ActiveCfg = Debug|Any CPU
		{43317869-153A-475D-85A1-EACF00B63135}.Debug|x64.Build.0 = Debug|Any CPU
		{43317869-153A-475D-85A1-EACF00B63135}.Debug|x86.ActiveCfg = Debug|Any CPU
		{43317869-153A-475D-85A1-EACF00B63135}.Debug|x86.Build.0 = Debug|Any CPU
		{43317869-153A-475D-85A1-EACF00B63135}.Release|Any CPU.ActiveCfg = Release|Any CPU
		{43317869-153A-475D-85A1-EACF00B63135}.Release|Any CPU.Build.0 = Release|Any CPU
		{43317869-153A-475D-85A1-EACF00B63135}.Release|ARM64.ActiveCfg = Release|Any CPU
		{43317869-153A-475D-85A1-EACF00B63135}.Release|ARM64.Build.0 = Release|Any CPU
		{43317869-153A-475D-85A1-EACF00B63135}.Release|x64.ActiveCfg = Release|Any CPU
		{43317869-153A-475D-85A1-EACF00B63135}.Release|x64.Build.0 = Release|Any CPU
		{43317869-153A-475D-85A1-EACF00B63135}.Release|x86.ActiveCfg = Release|Any CPU
		{43317869-153A-475D-85A1-EACF00B63135}.Release|x86.Build.0 = Release|Any CPU
		{43317869-153A-475D-85A1-EACF00B63135}.Test|Any CPU.ActiveCfg = Release|Any CPU
		{43317869-153A-475D-85A1-EACF00B63135}.Test|Any CPU.Build.0 = Release|Any CPU
		{43317869-153A-475D-85A1-EACF00B63135}.Test|ARM64.ActiveCfg = Release|Any CPU
		{43317869-153A-475D-85A1-EACF00B63135}.Test|ARM64.Build.0 = Release|Any CPU
		{43317869-153A-475D-85A1-EACF00B63135}.Test|x64.ActiveCfg = Release|Any CPU
		{43317869-153A-475D-85A1-EACF00B63135}.Test|x64.Build.0 = Release|Any CPU
		{43317869-153A-475D-85A1-EACF00B63135}.Test|x86.ActiveCfg = Release|Any CPU
		{43317869-153A-475D-85A1-EACF00B63135}.Test|x86.Build.0 = Release|Any CPU
		{154BF7AB-8B8A-41C1-9B6B-28BC8377EBB4}.Debug|Any CPU.ActiveCfg = Debug|Any CPU
		{154BF7AB-8B8A-41C1-9B6B-28BC8377EBB4}.Debug|Any CPU.Build.0 = Debug|Any CPU
		{154BF7AB-8B8A-41C1-9B6B-28BC8377EBB4}.Debug|ARM64.ActiveCfg = Debug|Any CPU
		{154BF7AB-8B8A-41C1-9B6B-28BC8377EBB4}.Debug|ARM64.Build.0 = Debug|Any CPU
		{154BF7AB-8B8A-41C1-9B6B-28BC8377EBB4}.Debug|x64.ActiveCfg = Debug|Any CPU
		{154BF7AB-8B8A-41C1-9B6B-28BC8377EBB4}.Debug|x64.Build.0 = Debug|Any CPU
		{154BF7AB-8B8A-41C1-9B6B-28BC8377EBB4}.Debug|x86.ActiveCfg = Debug|Any CPU
		{154BF7AB-8B8A-41C1-9B6B-28BC8377EBB4}.Debug|x86.Build.0 = Debug|Any CPU
		{154BF7AB-8B8A-41C1-9B6B-28BC8377EBB4}.Release|Any CPU.ActiveCfg = Release|Any CPU
		{154BF7AB-8B8A-41C1-9B6B-28BC8377EBB4}.Release|Any CPU.Build.0 = Release|Any CPU
		{154BF7AB-8B8A-41C1-9B6B-28BC8377EBB4}.Release|ARM64.ActiveCfg = Release|Any CPU
		{154BF7AB-8B8A-41C1-9B6B-28BC8377EBB4}.Release|ARM64.Build.0 = Release|Any CPU
		{154BF7AB-8B8A-41C1-9B6B-28BC8377EBB4}.Release|x64.ActiveCfg = Release|Any CPU
		{154BF7AB-8B8A-41C1-9B6B-28BC8377EBB4}.Release|x64.Build.0 = Release|Any CPU
		{154BF7AB-8B8A-41C1-9B6B-28BC8377EBB4}.Release|x86.ActiveCfg = Release|Any CPU
		{154BF7AB-8B8A-41C1-9B6B-28BC8377EBB4}.Release|x86.Build.0 = Release|Any CPU
		{154BF7AB-8B8A-41C1-9B6B-28BC8377EBB4}.Test|Any CPU.ActiveCfg = Release|Any CPU
		{154BF7AB-8B8A-41C1-9B6B-28BC8377EBB4}.Test|Any CPU.Build.0 = Release|Any CPU
		{154BF7AB-8B8A-41C1-9B6B-28BC8377EBB4}.Test|ARM64.ActiveCfg = Release|Any CPU
		{154BF7AB-8B8A-41C1-9B6B-28BC8377EBB4}.Test|ARM64.Build.0 = Release|Any CPU
		{154BF7AB-8B8A-41C1-9B6B-28BC8377EBB4}.Test|x64.ActiveCfg = Release|Any CPU
		{154BF7AB-8B8A-41C1-9B6B-28BC8377EBB4}.Test|x64.Build.0 = Release|Any CPU
		{154BF7AB-8B8A-41C1-9B6B-28BC8377EBB4}.Test|x86.ActiveCfg = Release|Any CPU
		{154BF7AB-8B8A-41C1-9B6B-28BC8377EBB4}.Test|x86.Build.0 = Release|Any CPU
		{A31FABD3-0578-4C35-990A-6BD3FCA718EF}.Debug|Any CPU.ActiveCfg = Debug|Any CPU
		{A31FABD3-0578-4C35-990A-6BD3FCA718EF}.Debug|Any CPU.Build.0 = Debug|Any CPU
		{A31FABD3-0578-4C35-990A-6BD3FCA718EF}.Debug|ARM64.ActiveCfg = Debug|Any CPU
		{A31FABD3-0578-4C35-990A-6BD3FCA718EF}.Debug|ARM64.Build.0 = Debug|Any CPU
		{A31FABD3-0578-4C35-990A-6BD3FCA718EF}.Debug|x64.ActiveCfg = Debug|Any CPU
		{A31FABD3-0578-4C35-990A-6BD3FCA718EF}.Debug|x64.Build.0 = Debug|Any CPU
		{A31FABD3-0578-4C35-990A-6BD3FCA718EF}.Debug|x86.ActiveCfg = Debug|Any CPU
		{A31FABD3-0578-4C35-990A-6BD3FCA718EF}.Debug|x86.Build.0 = Debug|Any CPU
		{A31FABD3-0578-4C35-990A-6BD3FCA718EF}.Release|Any CPU.ActiveCfg = Release|Any CPU
		{A31FABD3-0578-4C35-990A-6BD3FCA718EF}.Release|Any CPU.Build.0 = Release|Any CPU
		{A31FABD3-0578-4C35-990A-6BD3FCA718EF}.Release|ARM64.ActiveCfg = Release|Any CPU
		{A31FABD3-0578-4C35-990A-6BD3FCA718EF}.Release|ARM64.Build.0 = Release|Any CPU
		{A31FABD3-0578-4C35-990A-6BD3FCA718EF}.Release|x64.ActiveCfg = Release|Any CPU
		{A31FABD3-0578-4C35-990A-6BD3FCA718EF}.Release|x64.Build.0 = Release|Any CPU
		{A31FABD3-0578-4C35-990A-6BD3FCA718EF}.Release|x86.ActiveCfg = Release|Any CPU
		{A31FABD3-0578-4C35-990A-6BD3FCA718EF}.Release|x86.Build.0 = Release|Any CPU
		{A31FABD3-0578-4C35-990A-6BD3FCA718EF}.Test|Any CPU.ActiveCfg = Release|Any CPU
		{A31FABD3-0578-4C35-990A-6BD3FCA718EF}.Test|Any CPU.Build.0 = Release|Any CPU
		{A31FABD3-0578-4C35-990A-6BD3FCA718EF}.Test|ARM64.ActiveCfg = Release|Any CPU
		{A31FABD3-0578-4C35-990A-6BD3FCA718EF}.Test|ARM64.Build.0 = Release|Any CPU
		{A31FABD3-0578-4C35-990A-6BD3FCA718EF}.Test|x64.ActiveCfg = Release|Any CPU
		{A31FABD3-0578-4C35-990A-6BD3FCA718EF}.Test|x64.Build.0 = Release|Any CPU
		{A31FABD3-0578-4C35-990A-6BD3FCA718EF}.Test|x86.ActiveCfg = Release|Any CPU
		{A31FABD3-0578-4C35-990A-6BD3FCA718EF}.Test|x86.Build.0 = Release|Any CPU
		{156B92A8-4B93-42BF-9945-1983D8408ACB}.Debug|Any CPU.ActiveCfg = Debug|Any CPU
		{156B92A8-4B93-42BF-9945-1983D8408ACB}.Debug|Any CPU.Build.0 = Debug|Any CPU
		{156B92A8-4B93-42BF-9945-1983D8408ACB}.Debug|ARM64.ActiveCfg = Debug|Any CPU
		{156B92A8-4B93-42BF-9945-1983D8408ACB}.Debug|ARM64.Build.0 = Debug|Any CPU
		{156B92A8-4B93-42BF-9945-1983D8408ACB}.Debug|x64.ActiveCfg = Debug|Any CPU
		{156B92A8-4B93-42BF-9945-1983D8408ACB}.Debug|x64.Build.0 = Debug|Any CPU
		{156B92A8-4B93-42BF-9945-1983D8408ACB}.Debug|x86.ActiveCfg = Debug|Any CPU
		{156B92A8-4B93-42BF-9945-1983D8408ACB}.Debug|x86.Build.0 = Debug|Any CPU
		{156B92A8-4B93-42BF-9945-1983D8408ACB}.Release|Any CPU.ActiveCfg = Release|Any CPU
		{156B92A8-4B93-42BF-9945-1983D8408ACB}.Release|Any CPU.Build.0 = Release|Any CPU
		{156B92A8-4B93-42BF-9945-1983D8408ACB}.Release|ARM64.ActiveCfg = Release|Any CPU
		{156B92A8-4B93-42BF-9945-1983D8408ACB}.Release|ARM64.Build.0 = Release|Any CPU
		{156B92A8-4B93-42BF-9945-1983D8408ACB}.Release|x64.ActiveCfg = Release|Any CPU
		{156B92A8-4B93-42BF-9945-1983D8408ACB}.Release|x64.Build.0 = Release|Any CPU
		{156B92A8-4B93-42BF-9945-1983D8408ACB}.Release|x86.ActiveCfg = Release|Any CPU
		{156B92A8-4B93-42BF-9945-1983D8408ACB}.Release|x86.Build.0 = Release|Any CPU
		{156B92A8-4B93-42BF-9945-1983D8408ACB}.Test|Any CPU.ActiveCfg = Release|Any CPU
		{156B92A8-4B93-42BF-9945-1983D8408ACB}.Test|Any CPU.Build.0 = Release|Any CPU
		{156B92A8-4B93-42BF-9945-1983D8408ACB}.Test|ARM64.ActiveCfg = Release|Any CPU
		{156B92A8-4B93-42BF-9945-1983D8408ACB}.Test|ARM64.Build.0 = Release|Any CPU
		{156B92A8-4B93-42BF-9945-1983D8408ACB}.Test|x64.ActiveCfg = Release|Any CPU
		{156B92A8-4B93-42BF-9945-1983D8408ACB}.Test|x64.Build.0 = Release|Any CPU
		{156B92A8-4B93-42BF-9945-1983D8408ACB}.Test|x86.ActiveCfg = Release|Any CPU
		{156B92A8-4B93-42BF-9945-1983D8408ACB}.Test|x86.Build.0 = Release|Any CPU
		{ABC5860B-AB2C-4CE4-B0E9-B6D962576525}.Debug|Any CPU.ActiveCfg = Debug|Any CPU
		{ABC5860B-AB2C-4CE4-B0E9-B6D962576525}.Debug|Any CPU.Build.0 = Debug|Any CPU
		{ABC5860B-AB2C-4CE4-B0E9-B6D962576525}.Debug|ARM64.ActiveCfg = Debug|Any CPU
		{ABC5860B-AB2C-4CE4-B0E9-B6D962576525}.Debug|ARM64.Build.0 = Debug|Any CPU
		{ABC5860B-AB2C-4CE4-B0E9-B6D962576525}.Debug|x64.ActiveCfg = Debug|Any CPU
		{ABC5860B-AB2C-4CE4-B0E9-B6D962576525}.Debug|x64.Build.0 = Debug|Any CPU
		{ABC5860B-AB2C-4CE4-B0E9-B6D962576525}.Debug|x86.ActiveCfg = Debug|Any CPU
		{ABC5860B-AB2C-4CE4-B0E9-B6D962576525}.Debug|x86.Build.0 = Debug|Any CPU
		{ABC5860B-AB2C-4CE4-B0E9-B6D962576525}.Release|Any CPU.ActiveCfg = Release|Any CPU
		{ABC5860B-AB2C-4CE4-B0E9-B6D962576525}.Release|Any CPU.Build.0 = Release|Any CPU
		{ABC5860B-AB2C-4CE4-B0E9-B6D962576525}.Release|ARM64.ActiveCfg = Release|Any CPU
		{ABC5860B-AB2C-4CE4-B0E9-B6D962576525}.Release|ARM64.Build.0 = Release|Any CPU
		{ABC5860B-AB2C-4CE4-B0E9-B6D962576525}.Release|x64.ActiveCfg = Release|Any CPU
		{ABC5860B-AB2C-4CE4-B0E9-B6D962576525}.Release|x64.Build.0 = Release|Any CPU
		{ABC5860B-AB2C-4CE4-B0E9-B6D962576525}.Release|x86.ActiveCfg = Release|Any CPU
		{ABC5860B-AB2C-4CE4-B0E9-B6D962576525}.Release|x86.Build.0 = Release|Any CPU
		{ABC5860B-AB2C-4CE4-B0E9-B6D962576525}.Test|Any CPU.ActiveCfg = Release|Any CPU
		{ABC5860B-AB2C-4CE4-B0E9-B6D962576525}.Test|Any CPU.Build.0 = Release|Any CPU
		{ABC5860B-AB2C-4CE4-B0E9-B6D962576525}.Test|ARM64.ActiveCfg = Release|Any CPU
		{ABC5860B-AB2C-4CE4-B0E9-B6D962576525}.Test|ARM64.Build.0 = Release|Any CPU
		{ABC5860B-AB2C-4CE4-B0E9-B6D962576525}.Test|x64.ActiveCfg = Release|Any CPU
		{ABC5860B-AB2C-4CE4-B0E9-B6D962576525}.Test|x64.Build.0 = Release|Any CPU
		{ABC5860B-AB2C-4CE4-B0E9-B6D962576525}.Test|x86.ActiveCfg = Release|Any CPU
		{ABC5860B-AB2C-4CE4-B0E9-B6D962576525}.Test|x86.Build.0 = Release|Any CPU
		{3B061D65-DC92-4B07-A46A-62270A8A72B8}.Debug|Any CPU.ActiveCfg = Debug|Any CPU
		{3B061D65-DC92-4B07-A46A-62270A8A72B8}.Debug|Any CPU.Build.0 = Debug|Any CPU
		{3B061D65-DC92-4B07-A46A-62270A8A72B8}.Debug|ARM64.ActiveCfg = Debug|Any CPU
		{3B061D65-DC92-4B07-A46A-62270A8A72B8}.Debug|ARM64.Build.0 = Debug|Any CPU
		{3B061D65-DC92-4B07-A46A-62270A8A72B8}.Debug|x64.ActiveCfg = Debug|Any CPU
		{3B061D65-DC92-4B07-A46A-62270A8A72B8}.Debug|x64.Build.0 = Debug|Any CPU
		{3B061D65-DC92-4B07-A46A-62270A8A72B8}.Debug|x86.ActiveCfg = Debug|Any CPU
		{3B061D65-DC92-4B07-A46A-62270A8A72B8}.Debug|x86.Build.0 = Debug|Any CPU
		{3B061D65-DC92-4B07-A46A-62270A8A72B8}.Release|Any CPU.ActiveCfg = Release|Any CPU
		{3B061D65-DC92-4B07-A46A-62270A8A72B8}.Release|Any CPU.Build.0 = Release|Any CPU
		{3B061D65-DC92-4B07-A46A-62270A8A72B8}.Release|ARM64.ActiveCfg = Release|Any CPU
		{3B061D65-DC92-4B07-A46A-62270A8A72B8}.Release|ARM64.Build.0 = Release|Any CPU
		{3B061D65-DC92-4B07-A46A-62270A8A72B8}.Release|x64.ActiveCfg = Release|Any CPU
		{3B061D65-DC92-4B07-A46A-62270A8A72B8}.Release|x64.Build.0 = Release|Any CPU
		{3B061D65-DC92-4B07-A46A-62270A8A72B8}.Release|x86.ActiveCfg = Release|Any CPU
		{3B061D65-DC92-4B07-A46A-62270A8A72B8}.Release|x86.Build.0 = Release|Any CPU
		{3B061D65-DC92-4B07-A46A-62270A8A72B8}.Test|Any CPU.ActiveCfg = Debug|Any CPU
		{3B061D65-DC92-4B07-A46A-62270A8A72B8}.Test|Any CPU.Build.0 = Debug|Any CPU
		{3B061D65-DC92-4B07-A46A-62270A8A72B8}.Test|ARM64.ActiveCfg = Debug|Any CPU
		{3B061D65-DC92-4B07-A46A-62270A8A72B8}.Test|ARM64.Build.0 = Debug|Any CPU
		{3B061D65-DC92-4B07-A46A-62270A8A72B8}.Test|x64.ActiveCfg = Debug|Any CPU
		{3B061D65-DC92-4B07-A46A-62270A8A72B8}.Test|x64.Build.0 = Debug|Any CPU
		{3B061D65-DC92-4B07-A46A-62270A8A72B8}.Test|x86.ActiveCfg = Debug|Any CPU
		{3B061D65-DC92-4B07-A46A-62270A8A72B8}.Test|x86.Build.0 = Debug|Any CPU
		{87F4A0DA-741B-411B-9AB3-048CB52AC1A8}.Debug|Any CPU.ActiveCfg = Debug|Any CPU
		{87F4A0DA-741B-411B-9AB3-048CB52AC1A8}.Debug|Any CPU.Build.0 = Debug|Any CPU
		{87F4A0DA-741B-411B-9AB3-048CB52AC1A8}.Debug|ARM64.ActiveCfg = Debug|Any CPU
		{87F4A0DA-741B-411B-9AB3-048CB52AC1A8}.Debug|ARM64.Build.0 = Debug|Any CPU
		{87F4A0DA-741B-411B-9AB3-048CB52AC1A8}.Debug|x64.ActiveCfg = Debug|Any CPU
		{87F4A0DA-741B-411B-9AB3-048CB52AC1A8}.Debug|x64.Build.0 = Debug|Any CPU
		{87F4A0DA-741B-411B-9AB3-048CB52AC1A8}.Debug|x86.ActiveCfg = Debug|Any CPU
		{87F4A0DA-741B-411B-9AB3-048CB52AC1A8}.Debug|x86.Build.0 = Debug|Any CPU
		{87F4A0DA-741B-411B-9AB3-048CB52AC1A8}.Release|Any CPU.ActiveCfg = Release|Any CPU
		{87F4A0DA-741B-411B-9AB3-048CB52AC1A8}.Release|Any CPU.Build.0 = Release|Any CPU
		{87F4A0DA-741B-411B-9AB3-048CB52AC1A8}.Release|ARM64.ActiveCfg = Release|Any CPU
		{87F4A0DA-741B-411B-9AB3-048CB52AC1A8}.Release|ARM64.Build.0 = Release|Any CPU
		{87F4A0DA-741B-411B-9AB3-048CB52AC1A8}.Release|x64.ActiveCfg = Release|Any CPU
		{87F4A0DA-741B-411B-9AB3-048CB52AC1A8}.Release|x64.Build.0 = Release|Any CPU
		{87F4A0DA-741B-411B-9AB3-048CB52AC1A8}.Release|x86.ActiveCfg = Release|Any CPU
		{87F4A0DA-741B-411B-9AB3-048CB52AC1A8}.Release|x86.Build.0 = Release|Any CPU
		{87F4A0DA-741B-411B-9AB3-048CB52AC1A8}.Test|Any CPU.ActiveCfg = Test|Any CPU
		{87F4A0DA-741B-411B-9AB3-048CB52AC1A8}.Test|Any CPU.Build.0 = Test|Any CPU
		{87F4A0DA-741B-411B-9AB3-048CB52AC1A8}.Test|ARM64.ActiveCfg = Test|Any CPU
		{87F4A0DA-741B-411B-9AB3-048CB52AC1A8}.Test|ARM64.Build.0 = Test|Any CPU
		{87F4A0DA-741B-411B-9AB3-048CB52AC1A8}.Test|x64.ActiveCfg = Test|Any CPU
		{87F4A0DA-741B-411B-9AB3-048CB52AC1A8}.Test|x64.Build.0 = Test|Any CPU
		{87F4A0DA-741B-411B-9AB3-048CB52AC1A8}.Test|x86.ActiveCfg = Test|Any CPU
		{87F4A0DA-741B-411B-9AB3-048CB52AC1A8}.Test|x86.Build.0 = Test|Any CPU
		{670C9A77-0762-469C-8587-714D32ED003E}.Debug|Any CPU.ActiveCfg = Debug|Any CPU
		{670C9A77-0762-469C-8587-714D32ED003E}.Debug|Any CPU.Build.0 = Debug|Any CPU
		{670C9A77-0762-469C-8587-714D32ED003E}.Debug|ARM64.ActiveCfg = Debug|Any CPU
		{670C9A77-0762-469C-8587-714D32ED003E}.Debug|ARM64.Build.0 = Debug|Any CPU
		{670C9A77-0762-469C-8587-714D32ED003E}.Debug|x64.ActiveCfg = Debug|Any CPU
		{670C9A77-0762-469C-8587-714D32ED003E}.Debug|x64.Build.0 = Debug|Any CPU
		{670C9A77-0762-469C-8587-714D32ED003E}.Debug|x86.ActiveCfg = Debug|Any CPU
		{670C9A77-0762-469C-8587-714D32ED003E}.Debug|x86.Build.0 = Debug|Any CPU
		{670C9A77-0762-469C-8587-714D32ED003E}.Release|Any CPU.ActiveCfg = Release|Any CPU
		{670C9A77-0762-469C-8587-714D32ED003E}.Release|Any CPU.Build.0 = Release|Any CPU
		{670C9A77-0762-469C-8587-714D32ED003E}.Release|ARM64.ActiveCfg = Release|Any CPU
		{670C9A77-0762-469C-8587-714D32ED003E}.Release|ARM64.Build.0 = Release|Any CPU
		{670C9A77-0762-469C-8587-714D32ED003E}.Release|x64.ActiveCfg = Release|Any CPU
		{670C9A77-0762-469C-8587-714D32ED003E}.Release|x64.Build.0 = Release|Any CPU
		{670C9A77-0762-469C-8587-714D32ED003E}.Release|x86.ActiveCfg = Release|Any CPU
		{670C9A77-0762-469C-8587-714D32ED003E}.Release|x86.Build.0 = Release|Any CPU
		{670C9A77-0762-469C-8587-714D32ED003E}.Test|Any CPU.ActiveCfg = Debug|Any CPU
		{670C9A77-0762-469C-8587-714D32ED003E}.Test|Any CPU.Build.0 = Debug|Any CPU
		{670C9A77-0762-469C-8587-714D32ED003E}.Test|ARM64.ActiveCfg = Debug|Any CPU
		{670C9A77-0762-469C-8587-714D32ED003E}.Test|ARM64.Build.0 = Debug|Any CPU
		{670C9A77-0762-469C-8587-714D32ED003E}.Test|x64.ActiveCfg = Debug|Any CPU
		{670C9A77-0762-469C-8587-714D32ED003E}.Test|x64.Build.0 = Debug|Any CPU
		{670C9A77-0762-469C-8587-714D32ED003E}.Test|x86.ActiveCfg = Debug|Any CPU
		{670C9A77-0762-469C-8587-714D32ED003E}.Test|x86.Build.0 = Debug|Any CPU
		{562F5E6E-BD35-4303-A756-815561B15C18}.Debug|Any CPU.ActiveCfg = Debug|Any CPU
		{562F5E6E-BD35-4303-A756-815561B15C18}.Debug|Any CPU.Build.0 = Debug|Any CPU
		{562F5E6E-BD35-4303-A756-815561B15C18}.Debug|ARM64.ActiveCfg = Debug|Any CPU
		{562F5E6E-BD35-4303-A756-815561B15C18}.Debug|ARM64.Build.0 = Debug|Any CPU
		{562F5E6E-BD35-4303-A756-815561B15C18}.Debug|x64.ActiveCfg = Debug|Any CPU
		{562F5E6E-BD35-4303-A756-815561B15C18}.Debug|x64.Build.0 = Debug|Any CPU
		{562F5E6E-BD35-4303-A756-815561B15C18}.Debug|x86.ActiveCfg = Debug|Any CPU
		{562F5E6E-BD35-4303-A756-815561B15C18}.Debug|x86.Build.0 = Debug|Any CPU
		{562F5E6E-BD35-4303-A756-815561B15C18}.Release|Any CPU.ActiveCfg = Release|Any CPU
		{562F5E6E-BD35-4303-A756-815561B15C18}.Release|Any CPU.Build.0 = Release|Any CPU
		{562F5E6E-BD35-4303-A756-815561B15C18}.Release|ARM64.ActiveCfg = Release|Any CPU
		{562F5E6E-BD35-4303-A756-815561B15C18}.Release|ARM64.Build.0 = Release|Any CPU
		{562F5E6E-BD35-4303-A756-815561B15C18}.Release|x64.ActiveCfg = Release|Any CPU
		{562F5E6E-BD35-4303-A756-815561B15C18}.Release|x64.Build.0 = Release|Any CPU
		{562F5E6E-BD35-4303-A756-815561B15C18}.Release|x86.ActiveCfg = Release|Any CPU
		{562F5E6E-BD35-4303-A756-815561B15C18}.Release|x86.Build.0 = Release|Any CPU
		{562F5E6E-BD35-4303-A756-815561B15C18}.Test|Any CPU.ActiveCfg = Debug|Any CPU
		{562F5E6E-BD35-4303-A756-815561B15C18}.Test|Any CPU.Build.0 = Debug|Any CPU
		{562F5E6E-BD35-4303-A756-815561B15C18}.Test|ARM64.ActiveCfg = Debug|Any CPU
		{562F5E6E-BD35-4303-A756-815561B15C18}.Test|ARM64.Build.0 = Debug|Any CPU
		{562F5E6E-BD35-4303-A756-815561B15C18}.Test|x64.ActiveCfg = Debug|Any CPU
		{562F5E6E-BD35-4303-A756-815561B15C18}.Test|x64.Build.0 = Debug|Any CPU
		{562F5E6E-BD35-4303-A756-815561B15C18}.Test|x86.ActiveCfg = Debug|Any CPU
		{562F5E6E-BD35-4303-A756-815561B15C18}.Test|x86.Build.0 = Debug|Any CPU
	EndGlobalSection
	GlobalSection(SolutionProperties) = preSolution
		HideSolutionNode = FALSE
	EndGlobalSection
	GlobalSection(ExtensibilityGlobals) = postSolution
		SolutionGuid = {E97039EB-46A3-4902-B609-4DE47595235B}
	EndGlobalSection
EndGlobal
